// !$*UTF8*$!
{
	archiveVersion = 1;
	classes = {
	};
	objectVersion = 46;
	objects = {

/* Begin PBXBuildFile section */
		4E3F3D8515F76ACE00E9E08A /* FacebookSDK.framework in Frameworks */ = {isa = PBXBuildFile; fileRef = 4E3F3D8415F76ACE00E9E08A /* FacebookSDK.framework */; };
		4E3F3D8715F76ADD00E9E08A /* FacebookSDKResources.bundle in Resources */ = {isa = PBXBuildFile; fileRef = 4E3F3D8615F76ADD00E9E08A /* FacebookSDKResources.bundle */; };
		4E3F3D8915F76BF800E9E08A /* New1.png in Resources */ = {isa = PBXBuildFile; fileRef = 4E3F3D8815F76BF800E9E08A /* New1.png */; };
		4E3F3D8B15F76C2700E9E08A /* dropButton.png in Resources */ = {isa = PBXBuildFile; fileRef = 4E3F3D8A15F76C2700E9E08A /* dropButton.png */; };
		4E5A34C71600BFA100725D93 /* PromotionStruct.h in Headers */ = {isa = PBXBuildFile; fileRef = 4E5A34C51600BFA100725D93 /* PromotionStruct.h */; };
		4E5A34C81600BFA100725D93 /* PromotionStruct.m in Sources */ = {isa = PBXBuildFile; fileRef = 4E5A34C61600BFA100725D93 /* PromotionStruct.m */; };
		78005A0715778C8A0099F973 /* RestaurantViewController.m in Sources */ = {isa = PBXBuildFile; fileRef = 78005A0615778C8A0099F973 /* RestaurantViewController.m */; };
		78005A0A15778CCC0099F973 /* RestaurantDataStruct.m in Sources */ = {isa = PBXBuildFile; fileRef = 78005A0915778CCC0099F973 /* RestaurantDataStruct.m */; };
		78005A0D15778F0E0099F973 /* RestaurantCell.m in Sources */ = {isa = PBXBuildFile; fileRef = 78005A0C15778F0E0099F973 /* RestaurantCell.m */; };
		78005A0F15778F240099F973 /* RestaurantCell.xib in Resources */ = {isa = PBXBuildFile; fileRef = 78005A0E15778F240099F973 /* RestaurantCell.xib */; };
		78005A11157793050099F973 /* icon_Metro.gif in Resources */ = {isa = PBXBuildFile; fileRef = 78005A10157793050099F973 /* icon_Metro.gif */; };
		781B8F081546DB870074EDBD /* UIKit.framework in Frameworks */ = {isa = PBXBuildFile; fileRef = 781B8F071546DB870074EDBD /* UIKit.framework */; };
		781B8F0A1546DB870074EDBD /* Foundation.framework in Frameworks */ = {isa = PBXBuildFile; fileRef = 781B8F091546DB870074EDBD /* Foundation.framework */; };
		781B8F0C1546DB870074EDBD /* CoreGraphics.framework in Frameworks */ = {isa = PBXBuildFile; fileRef = 781B8F0B1546DB870074EDBD /* CoreGraphics.framework */; };
		781B8F121546DB870074EDBD /* InfoPlist.strings in Resources */ = {isa = PBXBuildFile; fileRef = 781B8F101546DB870074EDBD /* InfoPlist.strings */; };
		781B8F141546DB870074EDBD /* main.m in Sources */ = {isa = PBXBuildFile; fileRef = 781B8F131546DB870074EDBD /* main.m */; };
		781B8F181546DB870074EDBD /* RestaurantAppDelegate.m in Sources */ = {isa = PBXBuildFile; fileRef = 781B8F171546DB870074EDBD /* RestaurantAppDelegate.m */; };
		781B8F1B1546DB870074EDBD /* MainStoryboard_iPhone.storyboard in Resources */ = {isa = PBXBuildFile; fileRef = 781B8F191546DB870074EDBD /* MainStoryboard_iPhone.storyboard */; };
		781B8F291546DBDD0074EDBD /* LoadAppViewController.m in Sources */ = {isa = PBXBuildFile; fileRef = 781B8F281546DBDD0074EDBD /* LoadAppViewController.m */; };
		781B8F2C1546DD590074EDBD /* MainMenuViewController.m in Sources */ = {isa = PBXBuildFile; fileRef = 781B8F2B1546DD590074EDBD /* MainMenuViewController.m */; };
		78354F7A15590E07001890F1 /* Offers.m in Sources */ = {isa = PBXBuildFile; fileRef = 78354F7915590E07001890F1 /* Offers.m */; };
		78354F7D155944F1001890F1 /* SettingsTableViewController.m in Sources */ = {isa = PBXBuildFile; fileRef = 78354F7C155944F1001890F1 /* SettingsTableViewController.m */; };
		7851AC89157E45F10027BDDF /* RestaurantDetailViewController.m in Sources */ = {isa = PBXBuildFile; fileRef = 7851AC88157E45F10027BDDF /* RestaurantDetailViewController.m */; };
		7851AC8C157E52020027BDDF /* MapViewController.m in Sources */ = {isa = PBXBuildFile; fileRef = 7851AC8B157E52020027BDDF /* MapViewController.m */; };
		7851AC8E157E52450027BDDF /* MapKit.framework in Frameworks */ = {isa = PBXBuildFile; fileRef = 7851AC8D157E52440027BDDF /* MapKit.framework */; };
		786B29861546E64C00486848 /* QuartzCore.framework in Frameworks */ = {isa = PBXBuildFile; fileRef = 786B29851546E64C00486848 /* QuartzCore.framework */; };
		786B29991546E85900486848 /* MenuListTableViewController.m in Sources */ = {isa = PBXBuildFile; fileRef = 786B29981546E85900486848 /* MenuListTableViewController.m */; };
		786B299C1546EA7400486848 /* XMLParse.m in Sources */ = {isa = PBXBuildFile; fileRef = 786B299B1546EA7400486848 /* XMLParse.m */; };
		786B29A51546EC3F00486848 /* ProductDetailViewController.m in Sources */ = {isa = PBXBuildFile; fileRef = 786B29A41546EC3F00486848 /* ProductDetailViewController.m */; };
		78864DDC154957EE00D339B7 /* files.iphone.shop.category7.jpg in Resources */ = {isa = PBXBuildFile; fileRef = 78864DDB154957EE00D339B7 /* files.iphone.shop.category7.jpg */; };
		78864DDF15495E0A00D339B7 /* files.iphone.shop.good1582.png in Resources */ = {isa = PBXBuildFile; fileRef = 78864DDE15495E0A00D339B7 /* files.iphone.shop.good1582.png */; };
		78864DE215497E7700D339B7 /* ProductCell.m in Sources */ = {isa = PBXBuildFile; fileRef = 78864DE115497E7700D339B7 /* ProductCell.m */; };
		78864DE41549804400D339B7 /* productCell.xib in Resources */ = {isa = PBXBuildFile; fileRef = 78864DE31549804400D339B7 /* productCell.xib */; };
		78BA0E1E156E6A5E005C08D7 /* MenuDataStruct.m in Sources */ = {isa = PBXBuildFile; fileRef = 78BA0E1D156E6A5E005C08D7 /* MenuDataStruct.m */; };
		78BA0E25156E934B005C08D7 /* ProductDataStruct.m in Sources */ = {isa = PBXBuildFile; fileRef = 78BA0E24156E934B005C08D7 /* ProductDataStruct.m */; };
		78D3CF1B156A9241003202BD /* GettingCoreContent.m in Sources */ = {isa = PBXBuildFile; fileRef = 78D3CF1A156A9241003202BD /* GettingCoreContent.m */; };
		78D3CF1E156A9248003202BD /* Restaurants.xcdatamodeld in Sources */ = {isa = PBXBuildFile; fileRef = 78D3CF1C156A9248003202BD /* Restaurants.xcdatamodeld */; };
		78D3CF20156A9986003202BD /* CoreData.framework in Frameworks */ = {isa = PBXBuildFile; fileRef = 78D3CF1F156A9986003202BD /* CoreData.framework */; };
		78D7DB7A1573B74300D4F6A2 /* PickerViewCell.m in Sources */ = {isa = PBXBuildFile; fileRef = 78D7DB791573B74300D4F6A2 /* PickerViewCell.m */; };
		78EF80AF157381DD00478EEB /* IconDownloader.m in Sources */ = {isa = PBXBuildFile; fileRef = 78EF80AE157381DD00478EEB /* IconDownloader.m */; };
		78EF80B31573A50100478EEB /* Placeholder.png in Resources */ = {isa = PBXBuildFile; fileRef = 78EF80B21573A50100478EEB /* Placeholder.png */; };
		78EF80B61573B3EA00478EEB /* PickerViewCell.xib in Resources */ = {isa = PBXBuildFile; fileRef = 78EF80B51573B3EA00478EEB /* PickerViewCell.xib */; };
		78FB4D03154BF1CE0035236F /* CartCell.m in Sources */ = {isa = PBXBuildFile; fileRef = 78FB4D02154BF1CE0035236F /* CartCell.m */; };
		78FB4D06154BF20D0035236F /* CartCell.xib in Resources */ = {isa = PBXBuildFile; fileRef = 78FB4D05154BF20D0035236F /* CartCell.xib */; };
		F5056DDB15A33F94000C14D1 /* close_x.png in Resources */ = {isa = PBXBuildFile; fileRef = F5056DDA15A33F94000C14D1 /* close_x.png */; };
		F507215A156BA2C200D7ACC6 /* checkConnection.m in Sources */ = {isa = PBXBuildFile; fileRef = F5072159156BA2C200D7ACC6 /* checkConnection.m */; };
		F507215D156BA37C00D7ACC6 /* SystemConfiguration.framework in Frameworks */ = {isa = PBXBuildFile; fileRef = F507215C156BA37C00D7ACC6 /* SystemConfiguration.framework */; };
		F5072169156BD46900D7ACC6 /* LanguageCell.m in Sources */ = {isa = PBXBuildFile; fileRef = F5072168156BD46900D7ACC6 /* LanguageCell.m */; };
		F507216C156BE0D200D7ACC6 /* LanguageAndCityTableViewController.m in Sources */ = {isa = PBXBuildFile; fileRef = F507216B156BE0D200D7ACC6 /* LanguageAndCityTableViewController.m */; };
		F507E85E15BED2E000B1A772 /* TotalCartCell.m in Sources */ = {isa = PBXBuildFile; fileRef = F507E85D15BED2E000B1A772 /* TotalCartCell.m */; };
		F507E86215BED33D00B1A772 /* TotalCartCell.xib in Resources */ = {isa = PBXBuildFile; fileRef = F507E86115BED33D00B1A772 /* TotalCartCell.xib */; };
		F50DF0EB15ED10C8005665DB /* label.jpg in Resources */ = {isa = PBXBuildFile; fileRef = F50DF0EA15ED10C8005665DB /* label.jpg */; };
		F514734C15E3A40D003E836B /* stop.png in Resources */ = {isa = PBXBuildFile; fileRef = F514734B15E3A40D003E836B /* stop.png */; };
		F515440D15B03CCB00A2CB88 /* FavoritesIconViewController.m in Sources */ = {isa = PBXBuildFile; fileRef = F515440C15B03CCB00A2CB88 /* FavoritesIconViewController.m */; };
		F51635AA15E61CBA00F76ECE /* MainStoryboard_iPad.storyboard in Resources */ = {isa = PBXBuildFile; fileRef = F51635AC15E61CBA00F76ECE /* MainStoryboard_iPad.storyboard */; };
		F51A455D15E3DDC600FD0BB9 /* alphanumeric-plus-sign.png in Resources */ = {isa = PBXBuildFile; fileRef = F51A455C15E3DDC600FD0BB9 /* alphanumeric-plus-sign.png */; };
		F51B206215AB2EE600074DA1 /* white-cart_big.png in Resources */ = {isa = PBXBuildFile; fileRef = F51B206115AB2EE500074DA1 /* white-cart_big.png */; };
		F52225CB1594A0A7003E2728 /* Button_orange_rev2.png in Resources */ = {isa = PBXBuildFile; fileRef = F52225CA1594A0A7003E2728 /* Button_orange_rev2.png */; };
		F52225CD1594A1F8003E2728 /* Button_black_light_rev2.png in Resources */ = {isa = PBXBuildFile; fileRef = F52225CC1594A1F8003E2728 /* Button_black_light_rev2.png */; };
		F52225D31594BCA4003E2728 /* Button_black_dark_rev2.png in Resources */ = {isa = PBXBuildFile; fileRef = F52225D21594BCA4003E2728 /* Button_black_dark_rev2.png */; };
		F52A6A201594BF8D00C96F2C /* back.png in Resources */ = {isa = PBXBuildFile; fileRef = F52A6A1F1594BF8D00C96F2C /* back.png */; };
		F53AF1701598876100EAA5AA /* MenuIconViewController.m in Sources */ = {isa = PBXBuildFile; fileRef = F53AF16F1598876100EAA5AA /* MenuIconViewController.m */; };
		F53BFF6015EB7287000AB558 /* TimePicker.xib in Resources */ = {isa = PBXBuildFile; fileRef = F53BFF5F15EB7287000AB558 /* TimePicker.xib */; };
		F53BFF6315EB7301000AB558 /* TimePicker.h in Headers */ = {isa = PBXBuildFile; fileRef = F53BFF6115EB7301000AB558 /* TimePicker.h */; };
		F53BFF6415EB7301000AB558 /* TimePicker.m in Sources */ = {isa = PBXBuildFile; fileRef = F53BFF6215EB7301000AB558 /* TimePicker.m */; };
		F53D73FA1594CDE600A420D1 /* Button_blue_rev2.png in Resources */ = {isa = PBXBuildFile; fileRef = F53D73F91594CDE600A420D1 /* Button_blue_rev2.png */; };
		F53D73FC1594CE7800A420D1 /* Button_green_rev2.png in Resources */ = {isa = PBXBuildFile; fileRef = F53D73FB1594CE7800A420D1 /* Button_green_rev2.png */; };
		F53D73FE1594DC3900A420D1 /* restaurants.png in Resources */ = {isa = PBXBuildFile; fileRef = F53D73FD1594DC3900A420D1 /* restaurants.png */; };
		F53D74001594DDC400A420D1 /* 1.jpg in Resources */ = {isa = PBXBuildFile; fileRef = F53D73FF1594DDC400A420D1 /* 1.jpg */; };
		F53D74081594E30500A420D1 /* picture.png in Resources */ = {isa = PBXBuildFile; fileRef = F53D74071594E30500A420D1 /* picture.png */; };
		F541FCD815EF535C003B13AE /* back_.png in Resources */ = {isa = PBXBuildFile; fileRef = F541FCD715EF535C003B13AE /* back_.png */; };
		F541FCDC15EF5982003B13AE /* Button2.png in Resources */ = {isa = PBXBuildFile; fileRef = F541FCDB15EF5982003B13AE /* Button2.png */; };
		F541FCDE15EF6987003B13AE /* button3.png in Resources */ = {isa = PBXBuildFile; fileRef = F541FCDD15EF6987003B13AE /* button3.png */; };
		F5513A0915DA3AA90083E075 /* IconDownloader.h in Headers */ = {isa = PBXBuildFile; fileRef = 78EF80AD157381DD00478EEB /* IconDownloader.h */; settings = {ATTRIBUTES = (Public, ); }; };
		F5513A0A15DA3AA90083E075 /* LoadAppViewController.h in Headers */ = {isa = PBXBuildFile; fileRef = 781B8F271546DBDD0074EDBD /* LoadAppViewController.h */; settings = {ATTRIBUTES = (Public, ); }; };
		F5513A0B15DA3AA90083E075 /* MainMenuViewController.h in Headers */ = {isa = PBXBuildFile; fileRef = 781B8F2A1546DD590074EDBD /* MainMenuViewController.h */; settings = {ATTRIBUTES = (Public, ); }; };
		F5513A0C15DA3AA90083E075 /* MenuListTableViewController.h in Headers */ = {isa = PBXBuildFile; fileRef = 786B29971546E85900486848 /* MenuListTableViewController.h */; settings = {ATTRIBUTES = (Public, ); }; };
		F5513A0D15DA3AA90083E075 /* MenuIconViewController.h in Headers */ = {isa = PBXBuildFile; fileRef = F53AF16E1598876100EAA5AA /* MenuIconViewController.h */; settings = {ATTRIBUTES = (Public, ); }; };
		F5513A0E15DA3AA90083E075 /* FavoritesTableViewController.h in Headers */ = {isa = PBXBuildFile; fileRef = F5FA62461580D39700FBF70A /* FavoritesTableViewController.h */; settings = {ATTRIBUTES = (Public, ); }; };
		F5513A0F15DA3AA90083E075 /* FavoritesIconViewController.h in Headers */ = {isa = PBXBuildFile; fileRef = F515440B15B03CCA00A2CB88 /* FavoritesIconViewController.h */; settings = {ATTRIBUTES = (Public, ); }; };
		F5513A1015DA3AA90083E075 /* RestaurantViewController.h in Headers */ = {isa = PBXBuildFile; fileRef = 78005A0515778C8A0099F973 /* RestaurantViewController.h */; settings = {ATTRIBUTES = (Public, ); }; };
		F5513A1115DA3AA90083E075 /* RestaurantDetailViewController.h in Headers */ = {isa = PBXBuildFile; fileRef = 7851AC87157E45F10027BDDF /* RestaurantDetailViewController.h */; settings = {ATTRIBUTES = (Public, ); }; };
		F5513A1215DA3AA90083E075 /* (null) in Headers */ = {isa = PBXBuildFile; settings = {ATTRIBUTES = (Public, ); }; };
		F5513A1315DA3AA90083E075 /* MapViewController.h in Headers */ = {isa = PBXBuildFile; fileRef = 7851AC8A157E52020027BDDF /* MapViewController.h */; settings = {ATTRIBUTES = (Public, ); }; };
		F5513A1415DA3AA90083E075 /* MapViewAnnotation.h in Headers */ = {isa = PBXBuildFile; fileRef = F58E734D15D1358800CBCE65 /* MapViewAnnotation.h */; settings = {ATTRIBUTES = (Public, ); }; };
		F5513A1515DA3AA90083E075 /* ProductDetailViewController.h in Headers */ = {isa = PBXBuildFile; fileRef = 786B29A31546EC3F00486848 /* ProductDetailViewController.h */; settings = {ATTRIBUTES = (Public, ); }; };
		F5513A1615DA3AA90083E075 /* DeliveryViewController.h in Headers */ = {isa = PBXBuildFile; fileRef = F5F021581588C017009EB482 /* DeliveryViewController.h */; settings = {ATTRIBUTES = (Public, ); }; };
		F5513A1715DA3AA90083E075 /* AddressListTableViewController.h in Headers */ = {isa = PBXBuildFile; fileRef = F5F2D69615AD7DBB00C5094B /* AddressListTableViewController.h */; settings = {ATTRIBUTES = (Public, ); }; };
		F5513A1815DA3AA90083E075 /* SettingsTableViewController.h in Headers */ = {isa = PBXBuildFile; fileRef = 78354F7B155944F1001890F1 /* SettingsTableViewController.h */; settings = {ATTRIBUTES = (Public, ); }; };
		F5513A1915DA3AA90083E075 /* LanguageAndCityTableViewController.h in Headers */ = {isa = PBXBuildFile; fileRef = F507216A156BE0D200D7ACC6 /* LanguageAndCityTableViewController.h */; settings = {ATTRIBUTES = (Public, ); }; };
		F5513A1A15DA3AA90083E075 /* SocialViewController.h in Headers */ = {isa = PBXBuildFile; fileRef = F5EBBBEF15A70F6000C07969 /* SocialViewController.h */; settings = {ATTRIBUTES = (Public, ); }; };
		F5513A1B15DA3AA90083E075 /* MenuDataStruct.h in Headers */ = {isa = PBXBuildFile; fileRef = 78BA0E1C156E6A5E005C08D7 /* MenuDataStruct.h */; settings = {ATTRIBUTES = (Public, ); }; };
		F5513A1C15DA3AA90083E075 /* ProductDataStruct.h in Headers */ = {isa = PBXBuildFile; fileRef = 78BA0E23156E934B005C08D7 /* ProductDataStruct.h */; settings = {ATTRIBUTES = (Public, ); }; };
		F5513A1D15DA3AA90083E075 /* RestaurantDataStruct.h in Headers */ = {isa = PBXBuildFile; fileRef = 78005A0815778CCC0099F973 /* RestaurantDataStruct.h */; settings = {ATTRIBUTES = (Public, ); }; };
		F5513A1E15DA3AA90083E075 /* subViewSpam.h in Headers */ = {isa = PBXBuildFile; fileRef = F5B70D9515D178E200695FAA /* subViewSpam.h */; settings = {ATTRIBUTES = (Public, ); }; };
		F5513A1F15DA3AA90083E075 /* CartCell.h in Headers */ = {isa = PBXBuildFile; fileRef = 78FB4D01154BF1CD0035236F /* CartCell.h */; settings = {ATTRIBUTES = (Public, ); }; };
		F5513A2015DA3AA90083E075 /* ProductCell.h in Headers */ = {isa = PBXBuildFile; fileRef = 78864DE015497E7700D339B7 /* ProductCell.h */; settings = {ATTRIBUTES = (Public, ); }; };
		F5513A2115DA3AA90083E075 /* LanguageCell.h in Headers */ = {isa = PBXBuildFile; fileRef = F5072167156BD46900D7ACC6 /* LanguageCell.h */; settings = {ATTRIBUTES = (Public, ); }; };
		F5513A2215DA3AA90083E075 /* CityCell.h in Headers */ = {isa = PBXBuildFile; fileRef = F5E93A49156CFC6B005ED3ED /* CityCell.h */; settings = {ATTRIBUTES = (Public, ); }; };
		F5513A2315DA3AA90083E075 /* PickerViewCell.h in Headers */ = {isa = PBXBuildFile; fileRef = 78D7DB781573B74300D4F6A2 /* PickerViewCell.h */; settings = {ATTRIBUTES = (Public, ); }; };
		F5513A2415DA3AA90083E075 /* RestaurantCell.h in Headers */ = {isa = PBXBuildFile; fileRef = 78005A0B15778F0E0099F973 /* RestaurantCell.h */; settings = {ATTRIBUTES = (Public, ); }; };
		F5513A2515DA3AA90083E075 /* AddressCell.h in Headers */ = {isa = PBXBuildFile; fileRef = F5F2D69915ADB91400C5094B /* AddressCell.h */; settings = {ATTRIBUTES = (Public, ); }; };
		F5513A2615DA3AA90083E075 /* TotalCartCell.h in Headers */ = {isa = PBXBuildFile; fileRef = F507E85C15BED2E000B1A772 /* TotalCartCell.h */; settings = {ATTRIBUTES = (Public, ); }; };
		F5513A2715DA3AA90083E075 /* GettingCoreContent.h in Headers */ = {isa = PBXBuildFile; fileRef = 78D3CF19156A9241003202BD /* GettingCoreContent.h */; settings = {ATTRIBUTES = (Public, ); }; };
		F5513A2815DA3AA90083E075 /* Offers.h in Headers */ = {isa = PBXBuildFile; fileRef = 78354F7815590E07001890F1 /* Offers.h */; settings = {ATTRIBUTES = (Public, ); }; };
		F5513A2915DA3AA90083E075 /* XMLParse.h in Headers */ = {isa = PBXBuildFile; fileRef = 786B299A1546EA7400486848 /* XMLParse.h */; settings = {ATTRIBUTES = (Public, ); }; };
		F5513A2A15DA3AA90083E075 /* checkConnection.h in Headers */ = {isa = PBXBuildFile; fileRef = F5072158156BA2C200D7ACC6 /* checkConnection.h */; settings = {ATTRIBUTES = (Public, ); }; };
		F5513A2B15DA3AA90083E075 /* RestaurantAppDelegate.h in Headers */ = {isa = PBXBuildFile; fileRef = 781B8F161546DB870074EDBD /* RestaurantAppDelegate.h */; settings = {ATTRIBUTES = (Public, ); }; };
		F56DCB2A15F4F8F0003CC0DD /* HIT1.png in Resources */ = {isa = PBXBuildFile; fileRef = F56DCB2915F4F8F0003CC0DD /* HIT1.png */; };
		F570141515D90C81005C0B41 /* libGMGridView.a in Frameworks */ = {isa = PBXBuildFile; fileRef = F57013FE15D90C5B005C0B41 /* libGMGridView.a */; };
		F570141615D90C81005C0B41 /* libSSToolkit.a in Frameworks */ = {isa = PBXBuildFile; fileRef = F570140A15D90C67005C0B41 /* libSSToolkit.a */; };
		F58BD5AD156E7B8A00D31A09 /* MessageUI.framework in Frameworks */ = {isa = PBXBuildFile; fileRef = F58BD5AC156E7B8A00D31A09 /* MessageUI.framework */; };
		F58E734F15D1358800CBCE65 /* MapViewAnnotation.m in Sources */ = {isa = PBXBuildFile; fileRef = F58E734E15D1358800CBCE65 /* MapViewAnnotation.m */; };
		F58EC35615DB8A4E00ADBA80 /* ReservationViewController.m in Sources */ = {isa = PBXBuildFile; fileRef = F58EC35515DB8A4E00ADBA80 /* ReservationViewController.m */; };
		F591ECD815CD723C006BD0E6 /* CoreLocation.framework in Frameworks */ = {isa = PBXBuildFile; fileRef = F591ECD715CD723C006BD0E6 /* CoreLocation.framework */; };
		F591ECDE15CEEE11006BD0E6 /* MyLoc.png in Resources */ = {isa = PBXBuildFile; fileRef = F591ECDD15CEEE10006BD0E6 /* MyLoc.png */; };
		F592B3F115ECDAA900F977C9 /* Line2p.png in Resources */ = {isa = PBXBuildFile; fileRef = F592B3EF15ECDAA900F977C9 /* Line2p.png */; };
		F592B3F215ECDAA900F977C9 /* Line1p.png in Resources */ = {isa = PBXBuildFile; fileRef = F592B3F015ECDAA900F977C9 /* Line1p.png */; };
		F59344EB157F77DA0080EDE3 /* AudioToolbox.framework in Frameworks */ = {isa = PBXBuildFile; fileRef = F59344EA157F77DA0080EDE3 /* AudioToolbox.framework */; };
		F599588115875CCF0000469F /* Settings1.png in Resources */ = {isa = PBXBuildFile; fileRef = F599588015875CCF0000469F /* Settings1.png */; };
		F5ACDBCA15DBEE510074E028 /* Twitter.framework in Frameworks */ = {isa = PBXBuildFile; fileRef = F5ACDBC915DBEE510074E028 /* Twitter.framework */; };
		F5B4609615C2B78F00A6815C /* Cart1.PNG in Resources */ = {isa = PBXBuildFile; fileRef = F5B4609515C2B78F00A6815C /* Cart1.PNG */; };
		F5B4609A15C2BF7900A6815C /* shopping-cart.png in Resources */ = {isa = PBXBuildFile; fileRef = F5B4609915C2BF7900A6815C /* shopping-cart.png */; };
		F5B4609C15C2D4A500A6815C /* metro.png in Resources */ = {isa = PBXBuildFile; fileRef = F5B4609B15C2D4A500A6815C /* metro.png */; };
		F5B70D9815D178E200695FAA /* subViewSpam.m in Sources */ = {isa = PBXBuildFile; fileRef = F5B70D9615D178E200695FAA /* subViewSpam.m */; };
		F5B70D9915D178E200695FAA /* subViewSpam.xib in Resources */ = {isa = PBXBuildFile; fileRef = F5B70D9715D178E200695FAA /* subViewSpam.xib */; };
		F5E0D80515D953DA004BA70B /* icons.png in Resources */ = {isa = PBXBuildFile; fileRef = F5E0D80415D953DA004BA70B /* icons.png */; };
		F5E0D80715D953FF004BA70B /* icons57.png in Resources */ = {isa = PBXBuildFile; fileRef = F5E0D80615D953FF004BA70B /* icons57.png */; };
		F5E93A4B156CFC6B005ED3ED /* CityCell.m in Sources */ = {isa = PBXBuildFile; fileRef = F5E93A4A156CFC6B005ED3ED /* CityCell.m */; };
		F5EBBBF115A70F6000C07969 /* SocialViewController.m in Sources */ = {isa = PBXBuildFile; fileRef = F5EBBBF015A70F6000C07969 /* SocialViewController.m */; };
		F5F0215A1588C017009EB482 /* DeliveryViewController.m in Sources */ = {isa = PBXBuildFile; fileRef = F5F021591588C017009EB482 /* DeliveryViewController.m */; };
		F5F1058E15DD2E1200B03533 /* libsqlite3.0.dylib in Frameworks */ = {isa = PBXBuildFile; fileRef = F5F1058D15DD2E1200B03533 /* libsqlite3.0.dylib */; };
		F5F254EF15EE1C0E00BC48AB /* 2.jpg in Resources */ = {isa = PBXBuildFile; fileRef = F5F254EE15EE1C0E00BC48AB /* 2.jpg */; };
		F5F2D69815AD7DBB00C5094B /* AddressListTableViewController.m in Sources */ = {isa = PBXBuildFile; fileRef = F5F2D69715AD7DBB00C5094B /* AddressListTableViewController.m */; };
		F5F2D69B15ADB91500C5094B /* AddressCell.m in Sources */ = {isa = PBXBuildFile; fileRef = F5F2D69A15ADB91500C5094B /* AddressCell.m */; };
		F5F2D69D15ADBB8F00C5094B /* AddressCell.xib in Resources */ = {isa = PBXBuildFile; fileRef = F5F2D69C15ADBB8E00C5094B /* AddressCell.xib */; };
		F5F2DD8A15879B8E00E3C6A2 /* Heart.png in Resources */ = {isa = PBXBuildFile; fileRef = F5F2DD8915879B8E00E3C6A2 /* Heart.png */; };
		F5FA62481580D39700FBF70A /* FavoritesTableViewController.m in Sources */ = {isa = PBXBuildFile; fileRef = F5FA62471580D39700FBF70A /* FavoritesTableViewController.m */; };
/* End PBXBuildFile section */

/* Begin PBXContainerItemProxy section */
		F57013FD15D90C5B005C0B41 /* PBXContainerItemProxy */ = {
			isa = PBXContainerItemProxy;
			containerPortal = F57013F615D90C5B005C0B41 /* GMGridView.xcodeproj */;
			proxyType = 2;
			remoteGlobalIDString = 78509312149FAC2E000787E4;
			remoteInfo = GMGridView;
		};
		F570140915D90C67005C0B41 /* PBXContainerItemProxy */ = {
			isa = PBXContainerItemProxy;
			containerPortal = F57013FF15D90C66005C0B41 /* SSToolkit.xcodeproj */;
			proxyType = 2;
			remoteGlobalIDString = D2AAC07E0554694100DB518D;
			remoteInfo = SSToolkit;
		};
		F570140B15D90C67005C0B41 /* PBXContainerItemProxy */ = {
			isa = PBXContainerItemProxy;
			containerPortal = F57013FF15D90C66005C0B41 /* SSToolkit.xcodeproj */;
			proxyType = 2;
			remoteGlobalIDString = B239101D1357DC3E00ADE21B;
			remoteInfo = SSToolkitTests;
		};
		F570140D15D90C67005C0B41 /* PBXContainerItemProxy */ = {
			isa = PBXContainerItemProxy;
			containerPortal = F57013FF15D90C66005C0B41 /* SSToolkit.xcodeproj */;
			proxyType = 2;
			remoteGlobalIDString = B2C507EA151BA64400E94614;
			remoteInfo = SSToolkitResources;
		};
		F570140F15D90C7A005C0B41 /* PBXContainerItemProxy */ = {
			isa = PBXContainerItemProxy;
			containerPortal = F57013FF15D90C66005C0B41 /* SSToolkit.xcodeproj */;
			proxyType = 1;
			remoteGlobalIDString = D2AAC07D0554694100DB518D;
			remoteInfo = SSToolkit;
		};
		F570141115D90C7A005C0B41 /* PBXContainerItemProxy */ = {
			isa = PBXContainerItemProxy;
			containerPortal = F57013FF15D90C66005C0B41 /* SSToolkit.xcodeproj */;
			proxyType = 1;
			remoteGlobalIDString = B2C507E9151BA64400E94614;
			remoteInfo = SSToolkitResources;
		};
		F570141315D90C7A005C0B41 /* PBXContainerItemProxy */ = {
			isa = PBXContainerItemProxy;
			containerPortal = F57013F615D90C5B005C0B41 /* GMGridView.xcodeproj */;
			proxyType = 1;
			remoteGlobalIDString = 78509311149FAC2E000787E4;
			remoteInfo = GMGridView;
		};
/* End PBXContainerItemProxy section */

/* Begin PBXFileReference section */
		4E3F3D8415F76ACE00E9E08A /* FacebookSDK.framework */ = {isa = PBXFileReference; lastKnownFileType = wrapper.framework; name = FacebookSDK.framework; path = ../../Documents/FacebookSDK/FacebookSDK.framework; sourceTree = "<group>"; };
		4E3F3D8615F76ADD00E9E08A /* FacebookSDKResources.bundle */ = {isa = PBXFileReference; lastKnownFileType = "wrapper.plug-in"; name = FacebookSDKResources.bundle; path = ../../Documents/FacebookSDK/FacebookSDK.framework/Versions/A/Resources/FacebookSDKResources.bundle; sourceTree = "<group>"; };
		4E3F3D8815F76BF800E9E08A /* New1.png */ = {isa = PBXFileReference; lastKnownFileType = image.png; path = New1.png; sourceTree = "<group>"; };
		4E3F3D8A15F76C2700E9E08A /* dropButton.png */ = {isa = PBXFileReference; lastKnownFileType = image.png; path = dropButton.png; sourceTree = "<group>"; };
		4E5A34C51600BFA100725D93 /* PromotionStruct.h */ = {isa = PBXFileReference; fileEncoding = 4; lastKnownFileType = sourcecode.c.h; path = PromotionStruct.h; sourceTree = "<group>"; };
		4E5A34C61600BFA100725D93 /* PromotionStruct.m */ = {isa = PBXFileReference; fileEncoding = 4; lastKnownFileType = sourcecode.c.objc; path = PromotionStruct.m; sourceTree = "<group>"; };
		78005A0515778C8A0099F973 /* RestaurantViewController.h */ = {isa = PBXFileReference; fileEncoding = 4; lastKnownFileType = sourcecode.c.h; path = RestaurantViewController.h; sourceTree = "<group>"; };
		78005A0615778C8A0099F973 /* RestaurantViewController.m */ = {isa = PBXFileReference; fileEncoding = 4; lastKnownFileType = sourcecode.c.objc; path = RestaurantViewController.m; sourceTree = "<group>"; };
		78005A0815778CCC0099F973 /* RestaurantDataStruct.h */ = {isa = PBXFileReference; fileEncoding = 4; lastKnownFileType = sourcecode.c.h; path = RestaurantDataStruct.h; sourceTree = "<group>"; };
		78005A0915778CCC0099F973 /* RestaurantDataStruct.m */ = {isa = PBXFileReference; fileEncoding = 4; lastKnownFileType = sourcecode.c.objc; path = RestaurantDataStruct.m; sourceTree = "<group>"; };
		78005A0B15778F0E0099F973 /* RestaurantCell.h */ = {isa = PBXFileReference; fileEncoding = 4; lastKnownFileType = sourcecode.c.h; path = RestaurantCell.h; sourceTree = "<group>"; };
		78005A0C15778F0E0099F973 /* RestaurantCell.m */ = {isa = PBXFileReference; fileEncoding = 4; lastKnownFileType = sourcecode.c.objc; path = RestaurantCell.m; sourceTree = "<group>"; };
		78005A0E15778F240099F973 /* RestaurantCell.xib */ = {isa = PBXFileReference; fileEncoding = 4; lastKnownFileType = file.xib; path = RestaurantCell.xib; sourceTree = "<group>"; };
		78005A10157793050099F973 /* icon_Metro.gif */ = {isa = PBXFileReference; lastKnownFileType = image.gif; path = icon_Metro.gif; sourceTree = "<group>"; };
		781B8F031546DB870074EDBD /* Restaurant.app */ = {isa = PBXFileReference; explicitFileType = wrapper.application; includeInIndex = 0; path = Restaurant.app; sourceTree = BUILT_PRODUCTS_DIR; };
		781B8F071546DB870074EDBD /* UIKit.framework */ = {isa = PBXFileReference; lastKnownFileType = wrapper.framework; name = UIKit.framework; path = System/Library/Frameworks/UIKit.framework; sourceTree = SDKROOT; };
		781B8F091546DB870074EDBD /* Foundation.framework */ = {isa = PBXFileReference; lastKnownFileType = wrapper.framework; name = Foundation.framework; path = System/Library/Frameworks/Foundation.framework; sourceTree = SDKROOT; };
		781B8F0B1546DB870074EDBD /* CoreGraphics.framework */ = {isa = PBXFileReference; lastKnownFileType = wrapper.framework; name = CoreGraphics.framework; path = System/Library/Frameworks/CoreGraphics.framework; sourceTree = SDKROOT; };
		781B8F0F1546DB870074EDBD /* Restaurant-Info.plist */ = {isa = PBXFileReference; lastKnownFileType = text.plist.xml; path = "Restaurant-Info.plist"; sourceTree = "<group>"; };
		781B8F111546DB870074EDBD /* en */ = {isa = PBXFileReference; lastKnownFileType = text.plist.strings; name = en; path = en.lproj/InfoPlist.strings; sourceTree = "<group>"; };
		781B8F131546DB870074EDBD /* main.m */ = {isa = PBXFileReference; lastKnownFileType = sourcecode.c.objc; path = main.m; sourceTree = "<group>"; };
		781B8F151546DB870074EDBD /* Restaurant-Prefix.pch */ = {isa = PBXFileReference; lastKnownFileType = sourcecode.c.h; path = "Restaurant-Prefix.pch"; sourceTree = "<group>"; };
		781B8F161546DB870074EDBD /* RestaurantAppDelegate.h */ = {isa = PBXFileReference; lastKnownFileType = sourcecode.c.h; path = RestaurantAppDelegate.h; sourceTree = "<group>"; };
		781B8F171546DB870074EDBD /* RestaurantAppDelegate.m */ = {isa = PBXFileReference; lastKnownFileType = sourcecode.c.objc; path = RestaurantAppDelegate.m; sourceTree = "<group>"; };
		781B8F1A1546DB870074EDBD /* en */ = {isa = PBXFileReference; lastKnownFileType = file.storyboard; name = en; path = en.lproj/MainStoryboard_iPhone.storyboard; sourceTree = "<group>"; };
		781B8F271546DBDD0074EDBD /* LoadAppViewController.h */ = {isa = PBXFileReference; fileEncoding = 4; lastKnownFileType = sourcecode.c.h; path = LoadAppViewController.h; sourceTree = "<group>"; };
		781B8F281546DBDD0074EDBD /* LoadAppViewController.m */ = {isa = PBXFileReference; fileEncoding = 4; lastKnownFileType = sourcecode.c.objc; path = LoadAppViewController.m; sourceTree = "<group>"; };
		781B8F2A1546DD590074EDBD /* MainMenuViewController.h */ = {isa = PBXFileReference; fileEncoding = 4; lastKnownFileType = sourcecode.c.h; path = MainMenuViewController.h; sourceTree = "<group>"; };
		781B8F2B1546DD590074EDBD /* MainMenuViewController.m */ = {isa = PBXFileReference; fileEncoding = 4; lastKnownFileType = sourcecode.c.objc; path = MainMenuViewController.m; sourceTree = "<group>"; };
		78354F7815590E07001890F1 /* Offers.h */ = {isa = PBXFileReference; fileEncoding = 4; lastKnownFileType = sourcecode.c.h; path = Offers.h; sourceTree = "<group>"; };
		78354F7915590E07001890F1 /* Offers.m */ = {isa = PBXFileReference; fileEncoding = 4; lastKnownFileType = sourcecode.c.objc; path = Offers.m; sourceTree = "<group>"; };
		78354F7B155944F1001890F1 /* SettingsTableViewController.h */ = {isa = PBXFileReference; fileEncoding = 4; lastKnownFileType = sourcecode.c.h; path = SettingsTableViewController.h; sourceTree = "<group>"; };
		78354F7C155944F1001890F1 /* SettingsTableViewController.m */ = {isa = PBXFileReference; fileEncoding = 4; lastKnownFileType = sourcecode.c.objc; path = SettingsTableViewController.m; sourceTree = "<group>"; };
		7851AC87157E45F10027BDDF /* RestaurantDetailViewController.h */ = {isa = PBXFileReference; fileEncoding = 4; lastKnownFileType = sourcecode.c.h; path = RestaurantDetailViewController.h; sourceTree = "<group>"; };
		7851AC88157E45F10027BDDF /* RestaurantDetailViewController.m */ = {isa = PBXFileReference; fileEncoding = 4; lastKnownFileType = sourcecode.c.objc; path = RestaurantDetailViewController.m; sourceTree = "<group>"; };
		7851AC8A157E52020027BDDF /* MapViewController.h */ = {isa = PBXFileReference; fileEncoding = 4; lastKnownFileType = sourcecode.c.h; path = MapViewController.h; sourceTree = "<group>"; };
		7851AC8B157E52020027BDDF /* MapViewController.m */ = {isa = PBXFileReference; fileEncoding = 4; lastKnownFileType = sourcecode.c.objc; path = MapViewController.m; sourceTree = "<group>"; };
		7851AC8D157E52440027BDDF /* MapKit.framework */ = {isa = PBXFileReference; lastKnownFileType = wrapper.framework; name = MapKit.framework; path = System/Library/Frameworks/MapKit.framework; sourceTree = SDKROOT; };
		786B29851546E64C00486848 /* QuartzCore.framework */ = {isa = PBXFileReference; lastKnownFileType = wrapper.framework; name = QuartzCore.framework; path = System/Library/Frameworks/QuartzCore.framework; sourceTree = SDKROOT; };
		786B29971546E85900486848 /* MenuListTableViewController.h */ = {isa = PBXFileReference; fileEncoding = 4; lastKnownFileType = sourcecode.c.h; path = MenuListTableViewController.h; sourceTree = "<group>"; };
		786B29981546E85900486848 /* MenuListTableViewController.m */ = {isa = PBXFileReference; fileEncoding = 4; lastKnownFileType = sourcecode.c.objc; path = MenuListTableViewController.m; sourceTree = "<group>"; };
		786B299A1546EA7400486848 /* XMLParse.h */ = {isa = PBXFileReference; fileEncoding = 4; lastKnownFileType = sourcecode.c.h; path = XMLParse.h; sourceTree = "<group>"; };
		786B299B1546EA7400486848 /* XMLParse.m */ = {isa = PBXFileReference; fileEncoding = 4; lastKnownFileType = sourcecode.c.objc; path = XMLParse.m; sourceTree = "<group>"; };
		786B29A31546EC3F00486848 /* ProductDetailViewController.h */ = {isa = PBXFileReference; fileEncoding = 4; lastKnownFileType = sourcecode.c.h; path = ProductDetailViewController.h; sourceTree = "<group>"; };
		786B29A41546EC3F00486848 /* ProductDetailViewController.m */ = {isa = PBXFileReference; fileEncoding = 4; lastKnownFileType = sourcecode.c.objc; path = ProductDetailViewController.m; sourceTree = "<group>"; };
		78864DDB154957EE00D339B7 /* files.iphone.shop.category7.jpg */ = {isa = PBXFileReference; lastKnownFileType = image.jpeg; path = files.iphone.shop.category7.jpg; sourceTree = "<group>"; };
		78864DDE15495E0A00D339B7 /* files.iphone.shop.good1582.png */ = {isa = PBXFileReference; lastKnownFileType = image.png; path = files.iphone.shop.good1582.png; sourceTree = "<group>"; };
		78864DE015497E7700D339B7 /* ProductCell.h */ = {isa = PBXFileReference; fileEncoding = 4; lastKnownFileType = sourcecode.c.h; path = ProductCell.h; sourceTree = "<group>"; };
		78864DE115497E7700D339B7 /* ProductCell.m */ = {isa = PBXFileReference; fileEncoding = 4; lastKnownFileType = sourcecode.c.objc; path = ProductCell.m; sourceTree = "<group>"; };
		78864DE31549804400D339B7 /* productCell.xib */ = {isa = PBXFileReference; fileEncoding = 4; lastKnownFileType = file.xib; path = productCell.xib; sourceTree = "<group>"; };
		78BA0E1C156E6A5E005C08D7 /* MenuDataStruct.h */ = {isa = PBXFileReference; fileEncoding = 4; lastKnownFileType = sourcecode.c.h; path = MenuDataStruct.h; sourceTree = "<group>"; };
		78BA0E1D156E6A5E005C08D7 /* MenuDataStruct.m */ = {isa = PBXFileReference; fileEncoding = 4; lastKnownFileType = sourcecode.c.objc; path = MenuDataStruct.m; sourceTree = "<group>"; };
		78BA0E23156E934B005C08D7 /* ProductDataStruct.h */ = {isa = PBXFileReference; fileEncoding = 4; lastKnownFileType = sourcecode.c.h; path = ProductDataStruct.h; sourceTree = "<group>"; };
		78BA0E24156E934B005C08D7 /* ProductDataStruct.m */ = {isa = PBXFileReference; fileEncoding = 4; lastKnownFileType = sourcecode.c.objc; path = ProductDataStruct.m; sourceTree = "<group>"; };
		78D3CF19156A9241003202BD /* GettingCoreContent.h */ = {isa = PBXFileReference; fileEncoding = 4; lastKnownFileType = sourcecode.c.h; path = GettingCoreContent.h; sourceTree = "<group>"; };
		78D3CF1A156A9241003202BD /* GettingCoreContent.m */ = {isa = PBXFileReference; fileEncoding = 4; lastKnownFileType = sourcecode.c.objc; path = GettingCoreContent.m; sourceTree = "<group>"; };
		78D3CF1D156A9248003202BD /* Restaurants.xcdatamodel */ = {isa = PBXFileReference; lastKnownFileType = wrapper.xcdatamodel; path = Restaurants.xcdatamodel; sourceTree = "<group>"; };
		78D3CF1F156A9986003202BD /* CoreData.framework */ = {isa = PBXFileReference; lastKnownFileType = wrapper.framework; name = CoreData.framework; path = System/Library/Frameworks/CoreData.framework; sourceTree = SDKROOT; };
		78D7DB781573B74300D4F6A2 /* PickerViewCell.h */ = {isa = PBXFileReference; fileEncoding = 4; lastKnownFileType = sourcecode.c.h; path = PickerViewCell.h; sourceTree = "<group>"; };
		78D7DB791573B74300D4F6A2 /* PickerViewCell.m */ = {isa = PBXFileReference; fileEncoding = 4; lastKnownFileType = sourcecode.c.objc; path = PickerViewCell.m; sourceTree = "<group>"; };
		78EF80AD157381DD00478EEB /* IconDownloader.h */ = {isa = PBXFileReference; fileEncoding = 4; lastKnownFileType = sourcecode.c.h; path = IconDownloader.h; sourceTree = "<group>"; };
		78EF80AE157381DD00478EEB /* IconDownloader.m */ = {isa = PBXFileReference; fileEncoding = 4; lastKnownFileType = sourcecode.c.objc; path = IconDownloader.m; sourceTree = "<group>"; };
		78EF80B21573A50100478EEB /* Placeholder.png */ = {isa = PBXFileReference; lastKnownFileType = image.png; path = Placeholder.png; sourceTree = "<group>"; };
		78EF80B51573B3EA00478EEB /* PickerViewCell.xib */ = {isa = PBXFileReference; fileEncoding = 4; lastKnownFileType = file.xib; path = PickerViewCell.xib; sourceTree = "<group>"; };
		78FB4D01154BF1CD0035236F /* CartCell.h */ = {isa = PBXFileReference; fileEncoding = 4; lastKnownFileType = sourcecode.c.h; path = CartCell.h; sourceTree = "<group>"; };
		78FB4D02154BF1CE0035236F /* CartCell.m */ = {isa = PBXFileReference; fileEncoding = 4; lastKnownFileType = sourcecode.c.objc; path = CartCell.m; sourceTree = "<group>"; };
		78FB4D05154BF20D0035236F /* CartCell.xib */ = {isa = PBXFileReference; fileEncoding = 4; lastKnownFileType = file.xib; path = CartCell.xib; sourceTree = "<group>"; };
		F5056DDA15A33F94000C14D1 /* close_x.png */ = {isa = PBXFileReference; lastKnownFileType = image.png; path = close_x.png; sourceTree = "<group>"; };
		F5072158156BA2C200D7ACC6 /* checkConnection.h */ = {isa = PBXFileReference; fileEncoding = 4; lastKnownFileType = sourcecode.c.h; path = checkConnection.h; sourceTree = "<group>"; };
		F5072159156BA2C200D7ACC6 /* checkConnection.m */ = {isa = PBXFileReference; fileEncoding = 4; lastKnownFileType = sourcecode.c.objc; path = checkConnection.m; sourceTree = "<group>"; };
		F507215C156BA37C00D7ACC6 /* SystemConfiguration.framework */ = {isa = PBXFileReference; lastKnownFileType = wrapper.framework; name = SystemConfiguration.framework; path = System/Library/Frameworks/SystemConfiguration.framework; sourceTree = SDKROOT; };
		F5072167156BD46900D7ACC6 /* LanguageCell.h */ = {isa = PBXFileReference; fileEncoding = 4; lastKnownFileType = sourcecode.c.h; path = LanguageCell.h; sourceTree = "<group>"; };
		F5072168156BD46900D7ACC6 /* LanguageCell.m */ = {isa = PBXFileReference; fileEncoding = 4; lastKnownFileType = sourcecode.c.objc; path = LanguageCell.m; sourceTree = "<group>"; };
		F507216A156BE0D200D7ACC6 /* LanguageAndCityTableViewController.h */ = {isa = PBXFileReference; fileEncoding = 4; lastKnownFileType = sourcecode.c.h; path = LanguageAndCityTableViewController.h; sourceTree = "<group>"; };
		F507216B156BE0D200D7ACC6 /* LanguageAndCityTableViewController.m */ = {isa = PBXFileReference; fileEncoding = 4; lastKnownFileType = sourcecode.c.objc; path = LanguageAndCityTableViewController.m; sourceTree = "<group>"; };
		F507E85C15BED2E000B1A772 /* TotalCartCell.h */ = {isa = PBXFileReference; fileEncoding = 4; lastKnownFileType = sourcecode.c.h; path = TotalCartCell.h; sourceTree = "<group>"; };
		F507E85D15BED2E000B1A772 /* TotalCartCell.m */ = {isa = PBXFileReference; fileEncoding = 4; lastKnownFileType = sourcecode.c.objc; path = TotalCartCell.m; sourceTree = "<group>"; };
		F507E86115BED33D00B1A772 /* TotalCartCell.xib */ = {isa = PBXFileReference; fileEncoding = 4; lastKnownFileType = file.xib; path = TotalCartCell.xib; sourceTree = "<group>"; };
		F50DF0EA15ED10C8005665DB /* label.jpg */ = {isa = PBXFileReference; lastKnownFileType = image.jpeg; path = label.jpg; sourceTree = "<group>"; };
		F514734B15E3A40D003E836B /* stop.png */ = {isa = PBXFileReference; lastKnownFileType = image.png; path = stop.png; sourceTree = "<group>"; };
		F515440B15B03CCA00A2CB88 /* FavoritesIconViewController.h */ = {isa = PBXFileReference; fileEncoding = 4; lastKnownFileType = sourcecode.c.h; path = FavoritesIconViewController.h; sourceTree = "<group>"; };
		F515440C15B03CCB00A2CB88 /* FavoritesIconViewController.m */ = {isa = PBXFileReference; fileEncoding = 4; lastKnownFileType = sourcecode.c.objc; path = FavoritesIconViewController.m; sourceTree = "<group>"; };
		F51635AB15E61CBA00F76ECE /* en */ = {isa = PBXFileReference; lastKnownFileType = file.storyboard; name = en; path = en.lproj/MainStoryboard_iPad.storyboard; sourceTree = "<group>"; };
		F51A455C15E3DDC600FD0BB9 /* alphanumeric-plus-sign.png */ = {isa = PBXFileReference; lastKnownFileType = image.png; path = "alphanumeric-plus-sign.png"; sourceTree = "<group>"; };
		F51B206115AB2EE500074DA1 /* white-cart_big.png */ = {isa = PBXFileReference; lastKnownFileType = image.png; path = "white-cart_big.png"; sourceTree = "<group>"; };
		F52225CA1594A0A7003E2728 /* Button_orange_rev2.png */ = {isa = PBXFileReference; lastKnownFileType = image.png; path = Button_orange_rev2.png; sourceTree = "<group>"; };
		F52225CC1594A1F8003E2728 /* Button_black_light_rev2.png */ = {isa = PBXFileReference; lastKnownFileType = image.png; path = Button_black_light_rev2.png; sourceTree = "<group>"; };
		F52225D21594BCA4003E2728 /* Button_black_dark_rev2.png */ = {isa = PBXFileReference; lastKnownFileType = image.png; path = Button_black_dark_rev2.png; sourceTree = "<group>"; };
		F52A6A1F1594BF8D00C96F2C /* back.png */ = {isa = PBXFileReference; lastKnownFileType = image.png; path = back.png; sourceTree = "<group>"; };
		F53AF16E1598876100EAA5AA /* MenuIconViewController.h */ = {isa = PBXFileReference; fileEncoding = 4; lastKnownFileType = sourcecode.c.h; path = MenuIconViewController.h; sourceTree = "<group>"; };
		F53AF16F1598876100EAA5AA /* MenuIconViewController.m */ = {isa = PBXFileReference; fileEncoding = 4; lastKnownFileType = sourcecode.c.objc; path = MenuIconViewController.m; sourceTree = "<group>"; };
		F53BFF5F15EB7287000AB558 /* TimePicker.xib */ = {isa = PBXFileReference; fileEncoding = 4; lastKnownFileType = file.xib; path = TimePicker.xib; sourceTree = "<group>"; };
		F53BFF6115EB7301000AB558 /* TimePicker.h */ = {isa = PBXFileReference; fileEncoding = 4; lastKnownFileType = sourcecode.c.h; path = TimePicker.h; sourceTree = "<group>"; };
		F53BFF6215EB7301000AB558 /* TimePicker.m */ = {isa = PBXFileReference; fileEncoding = 4; lastKnownFileType = sourcecode.c.objc; path = TimePicker.m; sourceTree = "<group>"; };
		F53D73F91594CDE600A420D1 /* Button_blue_rev2.png */ = {isa = PBXFileReference; lastKnownFileType = image.png; path = Button_blue_rev2.png; sourceTree = "<group>"; };
		F53D73FB1594CE7800A420D1 /* Button_green_rev2.png */ = {isa = PBXFileReference; lastKnownFileType = image.png; path = Button_green_rev2.png; sourceTree = "<group>"; };
		F53D73FD1594DC3900A420D1 /* restaurants.png */ = {isa = PBXFileReference; lastKnownFileType = image.png; path = restaurants.png; sourceTree = "<group>"; };
		F53D73FF1594DDC400A420D1 /* 1.jpg */ = {isa = PBXFileReference; lastKnownFileType = image.jpeg; path = 1.jpg; sourceTree = "<group>"; };
		F53D74071594E30500A420D1 /* picture.png */ = {isa = PBXFileReference; lastKnownFileType = image.png; path = picture.png; sourceTree = "<group>"; };
		F541FCD715EF535C003B13AE /* back_.png */ = {isa = PBXFileReference; lastKnownFileType = image.png; path = back_.png; sourceTree = "<group>"; };
		F541FCDB15EF5982003B13AE /* Button2.png */ = {isa = PBXFileReference; lastKnownFileType = image.png; path = Button2.png; sourceTree = "<group>"; };
		F541FCDD15EF6987003B13AE /* button3.png */ = {isa = PBXFileReference; lastKnownFileType = image.png; path = button3.png; sourceTree = "<group>"; };
		F56DCB2915F4F8F0003CC0DD /* HIT1.png */ = {isa = PBXFileReference; lastKnownFileType = image.png; path = HIT1.png; sourceTree = "<group>"; };
		F57013F615D90C5B005C0B41 /* GMGridView.xcodeproj */ = {isa = PBXFileReference; lastKnownFileType = "wrapper.pb-project"; name = GMGridView.xcodeproj; path = ../../GMGridView/GMGridView.xcodeproj; sourceTree = "<group>"; };
		F57013FF15D90C66005C0B41 /* SSToolkit.xcodeproj */ = {isa = PBXFileReference; lastKnownFileType = "wrapper.pb-project"; name = SSToolkit.xcodeproj; path = ../../Vendor/SSToolkit/SSToolkit.xcodeproj; sourceTree = "<group>"; };
		F58BD5AC156E7B8A00D31A09 /* MessageUI.framework */ = {isa = PBXFileReference; lastKnownFileType = wrapper.framework; name = MessageUI.framework; path = System/Library/Frameworks/MessageUI.framework; sourceTree = SDKROOT; };
		F58E734D15D1358800CBCE65 /* MapViewAnnotation.h */ = {isa = PBXFileReference; fileEncoding = 4; lastKnownFileType = sourcecode.c.h; path = MapViewAnnotation.h; sourceTree = "<group>"; };
		F58E734E15D1358800CBCE65 /* MapViewAnnotation.m */ = {isa = PBXFileReference; fileEncoding = 4; lastKnownFileType = sourcecode.c.objc; path = MapViewAnnotation.m; sourceTree = "<group>"; };
		F58EC35415DB8A4E00ADBA80 /* ReservationViewController.h */ = {isa = PBXFileReference; fileEncoding = 4; lastKnownFileType = sourcecode.c.h; path = ReservationViewController.h; sourceTree = "<group>"; };
		F58EC35515DB8A4E00ADBA80 /* ReservationViewController.m */ = {isa = PBXFileReference; fileEncoding = 4; lastKnownFileType = sourcecode.c.objc; path = ReservationViewController.m; sourceTree = "<group>"; };
		F591ECD715CD723C006BD0E6 /* CoreLocation.framework */ = {isa = PBXFileReference; lastKnownFileType = wrapper.framework; name = CoreLocation.framework; path = System/Library/Frameworks/CoreLocation.framework; sourceTree = SDKROOT; };
		F591ECDD15CEEE10006BD0E6 /* MyLoc.png */ = {isa = PBXFileReference; lastKnownFileType = image.png; path = MyLoc.png; sourceTree = "<group>"; };
		F592B3EF15ECDAA900F977C9 /* Line2p.png */ = {isa = PBXFileReference; lastKnownFileType = image.png; path = Line2p.png; sourceTree = "<group>"; };
		F592B3F015ECDAA900F977C9 /* Line1p.png */ = {isa = PBXFileReference; lastKnownFileType = image.png; path = Line1p.png; sourceTree = "<group>"; };
		F59344EA157F77DA0080EDE3 /* AudioToolbox.framework */ = {isa = PBXFileReference; lastKnownFileType = wrapper.framework; name = AudioToolbox.framework; path = System/Library/Frameworks/AudioToolbox.framework; sourceTree = SDKROOT; };
		F599588015875CCF0000469F /* Settings1.png */ = {isa = PBXFileReference; lastKnownFileType = image.png; path = Settings1.png; sourceTree = "<group>"; };
		F5ACDBC915DBEE510074E028 /* Twitter.framework */ = {isa = PBXFileReference; lastKnownFileType = wrapper.framework; name = Twitter.framework; path = System/Library/Frameworks/Twitter.framework; sourceTree = SDKROOT; };
		F5B4609515C2B78F00A6815C /* Cart1.PNG */ = {isa = PBXFileReference; lastKnownFileType = image.png; path = Cart1.PNG; sourceTree = "<group>"; };
		F5B4609915C2BF7900A6815C /* shopping-cart.png */ = {isa = PBXFileReference; lastKnownFileType = image.png; path = "shopping-cart.png"; sourceTree = "<group>"; };
		F5B4609B15C2D4A500A6815C /* metro.png */ = {isa = PBXFileReference; lastKnownFileType = image.png; path = metro.png; sourceTree = "<group>"; };
		F5B70D9515D178E200695FAA /* subViewSpam.h */ = {isa = PBXFileReference; fileEncoding = 4; lastKnownFileType = sourcecode.c.h; path = subViewSpam.h; sourceTree = "<group>"; };
		F5B70D9615D178E200695FAA /* subViewSpam.m */ = {isa = PBXFileReference; fileEncoding = 4; lastKnownFileType = sourcecode.c.objc; path = subViewSpam.m; sourceTree = "<group>"; };
		F5B70D9715D178E200695FAA /* subViewSpam.xib */ = {isa = PBXFileReference; fileEncoding = 4; lastKnownFileType = file.xib; path = subViewSpam.xib; sourceTree = "<group>"; };
		F5E0D80415D953DA004BA70B /* icons.png */ = {isa = PBXFileReference; lastKnownFileType = image.png; name = icons.png; path = ../icons.png; sourceTree = "<group>"; };
		F5E0D80615D953FF004BA70B /* icons57.png */ = {isa = PBXFileReference; lastKnownFileType = image.png; name = icons57.png; path = ../icons57.png; sourceTree = "<group>"; };
		F5E93A49156CFC6B005ED3ED /* CityCell.h */ = {isa = PBXFileReference; fileEncoding = 4; lastKnownFileType = sourcecode.c.h; path = CityCell.h; sourceTree = "<group>"; };
		F5E93A4A156CFC6B005ED3ED /* CityCell.m */ = {isa = PBXFileReference; fileEncoding = 4; lastKnownFileType = sourcecode.c.objc; path = CityCell.m; sourceTree = "<group>"; };
		F5EBBBEF15A70F6000C07969 /* SocialViewController.h */ = {isa = PBXFileReference; fileEncoding = 4; lastKnownFileType = sourcecode.c.h; path = SocialViewController.h; sourceTree = "<group>"; };
		F5EBBBF015A70F6000C07969 /* SocialViewController.m */ = {isa = PBXFileReference; fileEncoding = 4; lastKnownFileType = sourcecode.c.objc; path = SocialViewController.m; sourceTree = "<group>"; };
		F5F021581588C017009EB482 /* DeliveryViewController.h */ = {isa = PBXFileReference; fileEncoding = 4; lastKnownFileType = sourcecode.c.h; path = DeliveryViewController.h; sourceTree = "<group>"; };
		F5F021591588C017009EB482 /* DeliveryViewController.m */ = {isa = PBXFileReference; fileEncoding = 4; lastKnownFileType = sourcecode.c.objc; path = DeliveryViewController.m; sourceTree = "<group>"; };
		F5F1058D15DD2E1200B03533 /* libsqlite3.0.dylib */ = {isa = PBXFileReference; lastKnownFileType = "compiled.mach-o.dylib"; name = libsqlite3.0.dylib; path = usr/lib/libsqlite3.0.dylib; sourceTree = SDKROOT; };
		F5F254EE15EE1C0E00BC48AB /* 2.jpg */ = {isa = PBXFileReference; lastKnownFileType = image.jpeg; path = 2.jpg; sourceTree = "<group>"; };
		F5F2D69615AD7DBB00C5094B /* AddressListTableViewController.h */ = {isa = PBXFileReference; fileEncoding = 4; lastKnownFileType = sourcecode.c.h; path = AddressListTableViewController.h; sourceTree = "<group>"; };
		F5F2D69715AD7DBB00C5094B /* AddressListTableViewController.m */ = {isa = PBXFileReference; fileEncoding = 4; lastKnownFileType = sourcecode.c.objc; path = AddressListTableViewController.m; sourceTree = "<group>"; };
		F5F2D69915ADB91400C5094B /* AddressCell.h */ = {isa = PBXFileReference; fileEncoding = 4; lastKnownFileType = sourcecode.c.h; path = AddressCell.h; sourceTree = "<group>"; };
		F5F2D69A15ADB91500C5094B /* AddressCell.m */ = {isa = PBXFileReference; fileEncoding = 4; lastKnownFileType = sourcecode.c.objc; path = AddressCell.m; sourceTree = "<group>"; };
		F5F2D69C15ADBB8E00C5094B /* AddressCell.xib */ = {isa = PBXFileReference; fileEncoding = 4; lastKnownFileType = file.xib; path = AddressCell.xib; sourceTree = "<group>"; };
		F5F2DD8915879B8E00E3C6A2 /* Heart.png */ = {isa = PBXFileReference; lastKnownFileType = image.png; path = Heart.png; sourceTree = "<group>"; };
		F5FA62461580D39700FBF70A /* FavoritesTableViewController.h */ = {isa = PBXFileReference; fileEncoding = 4; lastKnownFileType = sourcecode.c.h; path = FavoritesTableViewController.h; sourceTree = "<group>"; };
		F5FA62471580D39700FBF70A /* FavoritesTableViewController.m */ = {isa = PBXFileReference; fileEncoding = 4; lastKnownFileType = sourcecode.c.objc; path = FavoritesTableViewController.m; sourceTree = "<group>"; };
/* End PBXFileReference section */

/* Begin PBXFrameworksBuildPhase section */
		781B8F001546DB870074EDBD /* Frameworks */ = {
			isa = PBXFrameworksBuildPhase;
			buildActionMask = 2147483647;
			files = (
				F5F1058E15DD2E1200B03533 /* libsqlite3.0.dylib in Frameworks */,
				F5ACDBCA15DBEE510074E028 /* Twitter.framework in Frameworks */,
				F570141515D90C81005C0B41 /* libGMGridView.a in Frameworks */,
				F570141615D90C81005C0B41 /* libSSToolkit.a in Frameworks */,
				F591ECD815CD723C006BD0E6 /* CoreLocation.framework in Frameworks */,
				F59344EB157F77DA0080EDE3 /* AudioToolbox.framework in Frameworks */,
				7851AC8E157E52450027BDDF /* MapKit.framework in Frameworks */,
				F58BD5AD156E7B8A00D31A09 /* MessageUI.framework in Frameworks */,
				F507215D156BA37C00D7ACC6 /* SystemConfiguration.framework in Frameworks */,
				78D3CF20156A9986003202BD /* CoreData.framework in Frameworks */,
				786B29861546E64C00486848 /* QuartzCore.framework in Frameworks */,
				781B8F081546DB870074EDBD /* UIKit.framework in Frameworks */,
				781B8F0A1546DB870074EDBD /* Foundation.framework in Frameworks */,
				781B8F0C1546DB870074EDBD /* CoreGraphics.framework in Frameworks */,
				4E3F3D8515F76ACE00E9E08A /* FacebookSDK.framework in Frameworks */,
			);
			runOnlyForDeploymentPostprocessing = 0;
		};
/* End PBXFrameworksBuildPhase section */

/* Begin PBXGroup section */
		781B8EF81546DB870074EDBD = {
			isa = PBXGroup;
			children = (
				781B8F0D1546DB870074EDBD /* Restaurant */,
				781B8F061546DB870074EDBD /* Frameworks */,
				781B8F041546DB870074EDBD /* Products */,
			);
			sourceTree = "<group>";
		};
		781B8F041546DB870074EDBD /* Products */ = {
			isa = PBXGroup;
			children = (
				781B8F031546DB870074EDBD /* Restaurant.app */,
			);
			name = Products;
			sourceTree = "<group>";
		};
		781B8F061546DB870074EDBD /* Frameworks */ = {
			isa = PBXGroup;
			children = (
				4E3F3D8615F76ADD00E9E08A /* FacebookSDKResources.bundle */,
				4E3F3D8415F76ACE00E9E08A /* FacebookSDK.framework */,
				F5F1058D15DD2E1200B03533 /* libsqlite3.0.dylib */,
				F5ACDBC915DBEE510074E028 /* Twitter.framework */,
				F57013FF15D90C66005C0B41 /* SSToolkit.xcodeproj */,
				F57013F615D90C5B005C0B41 /* GMGridView.xcodeproj */,
				F5DCCB7615A3279500739B11 /* AFNetworking */,
				F591ECD715CD723C006BD0E6 /* CoreLocation.framework */,
				F59344EA157F77DA0080EDE3 /* AudioToolbox.framework */,
				7851AC8D157E52440027BDDF /* MapKit.framework */,
				F58BD5AC156E7B8A00D31A09 /* MessageUI.framework */,
				F507215C156BA37C00D7ACC6 /* SystemConfiguration.framework */,
				78D3CF1F156A9986003202BD /* CoreData.framework */,
				786B29851546E64C00486848 /* QuartzCore.framework */,
				781B8F071546DB870074EDBD /* UIKit.framework */,
				781B8F091546DB870074EDBD /* Foundation.framework */,
				781B8F0B1546DB870074EDBD /* CoreGraphics.framework */,
			);
			name = Frameworks;
			sourceTree = "<group>";
		};
		781B8F0D1546DB870074EDBD /* Restaurant */ = {
			isa = PBXGroup;
			children = (
				78EF80B1157381FC00478EEB /* Downloaders */,
				783EB971156FD057001E5BF1 /* CoreDataEntities */,
				783EB967156FAF3A001E5BF1 /* ViewControllers */,
				F51063BD15C9186900ED0368 /* SettingsControllers */,
				78BA0E1A156E6A0C005C08D7 /* Structs */,
				F5E93A4D156CFFB3005ED3ED /* Cells */,
				F51063BE15C918FA00ED0368 /* Models */,
				781B8F191546DB870074EDBD /* MainStoryboard_iPhone.storyboard */,
				F51635AC15E61CBA00F76ECE /* MainStoryboard_iPad.storyboard */,
				78D3CF1C156A9248003202BD /* Restaurants.xcdatamodeld */,
				781B8F161546DB870074EDBD /* RestaurantAppDelegate.h */,
				781B8F171546DB870074EDBD /* RestaurantAppDelegate.m */,
				78EF80B41573A51300478EEB /* images */,
				781B8F0E1546DB870074EDBD /* Supporting Files */,
			);
			path = Restaurant;
			sourceTree = "<group>";
		};
		781B8F0E1546DB870074EDBD /* Supporting Files */ = {
			isa = PBXGroup;
			children = (
				781B8F0F1546DB870074EDBD /* Restaurant-Info.plist */,
				781B8F101546DB870074EDBD /* InfoPlist.strings */,
				781B8F131546DB870074EDBD /* main.m */,
				781B8F151546DB870074EDBD /* Restaurant-Prefix.pch */,
			);
			name = "Supporting Files";
			sourceTree = "<group>";
		};
		783EB967156FAF3A001E5BF1 /* ViewControllers */ = {
			isa = PBXGroup;
			children = (
				F58EC35415DB8A4E00ADBA80 /* ReservationViewController.h */,
				F58EC35515DB8A4E00ADBA80 /* ReservationViewController.m */,
				781B8F271546DBDD0074EDBD /* LoadAppViewController.h */,
				781B8F281546DBDD0074EDBD /* LoadAppViewController.m */,
				781B8F2A1546DD590074EDBD /* MainMenuViewController.h */,
				781B8F2B1546DD590074EDBD /* MainMenuViewController.m */,
				F53AF1721598877700EAA5AA /* Type of View */,
				786B29A31546EC3F00486848 /* ProductDetailViewController.h */,
				786B29A41546EC3F00486848 /* ProductDetailViewController.m */,
				78005A0515778C8A0099F973 /* RestaurantViewController.h */,
				78005A0615778C8A0099F973 /* RestaurantViewController.m */,
				7851AC87157E45F10027BDDF /* RestaurantDetailViewController.h */,
				7851AC88157E45F10027BDDF /* RestaurantDetailViewController.m */,
				7851AC8A157E52020027BDDF /* MapViewController.h */,
				7851AC8B157E52020027BDDF /* MapViewController.m */,
				F58E734D15D1358800CBCE65 /* MapViewAnnotation.h */,
				F58E734E15D1358800CBCE65 /* MapViewAnnotation.m */,
				F5F021581588C017009EB482 /* DeliveryViewController.h */,
				F5F021591588C017009EB482 /* DeliveryViewController.m */,
				F5F2D69615AD7DBB00C5094B /* AddressListTableViewController.h */,
				F5F2D69715AD7DBB00C5094B /* AddressListTableViewController.m */,
			);
			name = ViewControllers;
			sourceTree = "<group>";
		};
		783EB971156FD057001E5BF1 /* CoreDataEntities */ = {
			isa = PBXGroup;
			children = (
			);
			name = CoreDataEntities;
			sourceTree = "<group>";
		};
		78BA0E1A156E6A0C005C08D7 /* Structs */ = {
			isa = PBXGroup;
			children = (
				78BA0E1C156E6A5E005C08D7 /* MenuDataStruct.h */,
				78BA0E1D156E6A5E005C08D7 /* MenuDataStruct.m */,
				78BA0E23156E934B005C08D7 /* ProductDataStruct.h */,
				78BA0E24156E934B005C08D7 /* ProductDataStruct.m */,
				4E5A34C51600BFA100725D93 /* PromotionStruct.h */,
				4E5A34C61600BFA100725D93 /* PromotionStruct.m */,
				78005A0815778CCC0099F973 /* RestaurantDataStruct.h */,
				78005A0915778CCC0099F973 /* RestaurantDataStruct.m */,
			);
			name = Structs;
			sourceTree = "<group>";
		};
		78EF80B1157381FC00478EEB /* Downloaders */ = {
			isa = PBXGroup;
			children = (
				78EF80AD157381DD00478EEB /* IconDownloader.h */,
				78EF80AE157381DD00478EEB /* IconDownloader.m */,
			);
			name = Downloaders;
			sourceTree = "<group>";
		};
		78EF80B41573A51300478EEB /* images */ = {
			isa = PBXGroup;
			children = (
				F56DCB2915F4F8F0003CC0DD /* HIT1.png */,
				4E3F3D8815F76BF800E9E08A /* New1.png */,
				F592B3EF15ECDAA900F977C9 /* Line2p.png */,
				F592B3F015ECDAA900F977C9 /* Line1p.png */,
				F514734B15E3A40D003E836B /* stop.png */,
				F51A455C15E3DDC600FD0BB9 /* alphanumeric-plus-sign.png */,
				F5E0D80615D953FF004BA70B /* icons57.png */,
				F5E0D80415D953DA004BA70B /* icons.png */,
				F51B206115AB2EE500074DA1 /* white-cart_big.png */,
				F5056DDA15A33F94000C14D1 /* close_x.png */,
				F53D74071594E30500A420D1 /* picture.png */,
				F5F254EE15EE1C0E00BC48AB /* 2.jpg */,
				F53D73FF1594DDC400A420D1 /* 1.jpg */,
				F591ECDD15CEEE10006BD0E6 /* MyLoc.png */,
				F53D73FD1594DC3900A420D1 /* restaurants.png */,
				F53D73FB1594CE7800A420D1 /* Button_green_rev2.png */,
				F53D73F91594CDE600A420D1 /* Button_blue_rev2.png */,
				F52A6A1F1594BF8D00C96F2C /* back.png */,
				F541FCD715EF535C003B13AE /* back_.png */,
				F52225D21594BCA4003E2728 /* Button_black_dark_rev2.png */,
				F52225CC1594A1F8003E2728 /* Button_black_light_rev2.png */,
				F52225CA1594A0A7003E2728 /* Button_orange_rev2.png */,
				F599588015875CCF0000469F /* Settings1.png */,
				F5B4609515C2B78F00A6815C /* Cart1.PNG */,
				F5B4609915C2BF7900A6815C /* shopping-cart.png */,
				F541FCDB15EF5982003B13AE /* Button2.png */,
				F541FCDD15EF6987003B13AE /* button3.png */,
				4E3F3D8A15F76C2700E9E08A /* dropButton.png */,
				78864DDB154957EE00D339B7 /* files.iphone.shop.category7.jpg */,
				78864DDE15495E0A00D339B7 /* files.iphone.shop.good1582.png */,
				78005A10157793050099F973 /* icon_Metro.gif */,
				F5B4609B15C2D4A500A6815C /* metro.png */,
				F5F2DD8915879B8E00E3C6A2 /* Heart.png */,
				F50DF0EA15ED10C8005665DB /* label.jpg */,
				78EF80B21573A50100478EEB /* Placeholder.png */,
			);
			name = images;
			sourceTree = "<group>";
		};
		F51063BD15C9186900ED0368 /* SettingsControllers */ = {
			isa = PBXGroup;
			children = (
				78354F7B155944F1001890F1 /* SettingsTableViewController.h */,
				78354F7C155944F1001890F1 /* SettingsTableViewController.m */,
				F507216A156BE0D200D7ACC6 /* LanguageAndCityTableViewController.h */,
				F507216B156BE0D200D7ACC6 /* LanguageAndCityTableViewController.m */,
				F5EBBBEF15A70F6000C07969 /* SocialViewController.h */,
				F5EBBBF015A70F6000C07969 /* SocialViewController.m */,
			);
			name = SettingsControllers;
			sourceTree = "<group>";
		};
		F51063BE15C918FA00ED0368 /* Models */ = {
			isa = PBXGroup;
			children = (
				78D3CF19156A9241003202BD /* GettingCoreContent.h */,
				78D3CF1A156A9241003202BD /* GettingCoreContent.m */,
				78354F7815590E07001890F1 /* Offers.h */,
				78354F7915590E07001890F1 /* Offers.m */,
				786B299A1546EA7400486848 /* XMLParse.h */,
				786B299B1546EA7400486848 /* XMLParse.m */,
				F5072158156BA2C200D7ACC6 /* checkConnection.h */,
				F5072159156BA2C200D7ACC6 /* checkConnection.m */,
			);
			name = Models;
			sourceTree = "<group>";
		};
		F53AF1721598877700EAA5AA /* Type of View */ = {
			isa = PBXGroup;
			children = (
				786B29971546E85900486848 /* MenuListTableViewController.h */,
				786B29981546E85900486848 /* MenuListTableViewController.m */,
				F53AF16E1598876100EAA5AA /* MenuIconViewController.h */,
				F53AF16F1598876100EAA5AA /* MenuIconViewController.m */,
				F5FA62461580D39700FBF70A /* FavoritesTableViewController.h */,
				F5FA62471580D39700FBF70A /* FavoritesTableViewController.m */,
				F515440B15B03CCA00A2CB88 /* FavoritesIconViewController.h */,
				F515440C15B03CCB00A2CB88 /* FavoritesIconViewController.m */,
			);
			name = "Type of View";
			sourceTree = "<group>";
		};
		F57013F715D90C5B005C0B41 /* Products */ = {
			isa = PBXGroup;
			children = (
				F57013FE15D90C5B005C0B41 /* libGMGridView.a */,
			);
			name = Products;
			sourceTree = "<group>";
		};
		F570140015D90C66005C0B41 /* Products */ = {
			isa = PBXGroup;
			children = (
				F570140A15D90C67005C0B41 /* libSSToolkit.a */,
				F570140C15D90C67005C0B41 /* SSToolkitTests.app */,
				F570140E15D90C67005C0B41 /* SSToolkitResources.bundle */,
			);
			name = Products;
			sourceTree = "<group>";
		};
		F5DCCB7615A3279500739B11 /* AFNetworking */ = {
			isa = PBXGroup;
			children = (
			);
			name = AFNetworking;
			sourceTree = "<group>";
		};
		F5E93A4D156CFFB3005ED3ED /* Cells */ = {
			isa = PBXGroup;
			children = (
				F53BFF6115EB7301000AB558 /* TimePicker.h */,
				F53BFF6215EB7301000AB558 /* TimePicker.m */,
				F53BFF5F15EB7287000AB558 /* TimePicker.xib */,
				F5B70D9515D178E200695FAA /* subViewSpam.h */,
				F5B70D9615D178E200695FAA /* subViewSpam.m */,
				F5B70D9715D178E200695FAA /* subViewSpam.xib */,
				78FB4D01154BF1CD0035236F /* CartCell.h */,
				78FB4D02154BF1CE0035236F /* CartCell.m */,
				78FB4D05154BF20D0035236F /* CartCell.xib */,
				78864DE015497E7700D339B7 /* ProductCell.h */,
				78864DE115497E7700D339B7 /* ProductCell.m */,
				78864DE31549804400D339B7 /* productCell.xib */,
				F5072167156BD46900D7ACC6 /* LanguageCell.h */,
				F5072168156BD46900D7ACC6 /* LanguageCell.m */,
				F5E93A49156CFC6B005ED3ED /* CityCell.h */,
				F5E93A4A156CFC6B005ED3ED /* CityCell.m */,
				78D7DB781573B74300D4F6A2 /* PickerViewCell.h */,
				78D7DB791573B74300D4F6A2 /* PickerViewCell.m */,
				78EF80B51573B3EA00478EEB /* PickerViewCell.xib */,
				78005A0B15778F0E0099F973 /* RestaurantCell.h */,
				78005A0C15778F0E0099F973 /* RestaurantCell.m */,
				78005A0E15778F240099F973 /* RestaurantCell.xib */,
				F5F2D69915ADB91400C5094B /* AddressCell.h */,
				F5F2D69A15ADB91500C5094B /* AddressCell.m */,
				F5F2D69C15ADBB8E00C5094B /* AddressCell.xib */,
				F507E85C15BED2E000B1A772 /* TotalCartCell.h */,
				F507E85D15BED2E000B1A772 /* TotalCartCell.m */,
				F507E86115BED33D00B1A772 /* TotalCartCell.xib */,
			);
			name = Cells;
			sourceTree = "<group>";
		};
/* End PBXGroup section */

/* Begin PBXHeadersBuildPhase section */
		F5513A0815DA3A0E0083E075 /* Headers */ = {
			isa = PBXHeadersBuildPhase;
			buildActionMask = 2147483647;
			files = (
				F5513A0915DA3AA90083E075 /* IconDownloader.h in Headers */,
				F5513A0A15DA3AA90083E075 /* LoadAppViewController.h in Headers */,
				F5513A0B15DA3AA90083E075 /* MainMenuViewController.h in Headers */,
				F5513A0C15DA3AA90083E075 /* MenuListTableViewController.h in Headers */,
				F5513A0D15DA3AA90083E075 /* MenuIconViewController.h in Headers */,
				F5513A0E15DA3AA90083E075 /* FavoritesTableViewController.h in Headers */,
				F5513A0F15DA3AA90083E075 /* FavoritesIconViewController.h in Headers */,
				F5513A1015DA3AA90083E075 /* RestaurantViewController.h in Headers */,
				F5513A1115DA3AA90083E075 /* RestaurantDetailViewController.h in Headers */,
				F5513A1215DA3AA90083E075 /* (null) in Headers */,
				F5513A1315DA3AA90083E075 /* MapViewController.h in Headers */,
				F5513A1415DA3AA90083E075 /* MapViewAnnotation.h in Headers */,
				F5513A1515DA3AA90083E075 /* ProductDetailViewController.h in Headers */,
				F5513A1615DA3AA90083E075 /* DeliveryViewController.h in Headers */,
				F5513A1715DA3AA90083E075 /* AddressListTableViewController.h in Headers */,
				F5513A1815DA3AA90083E075 /* SettingsTableViewController.h in Headers */,
				F5513A1915DA3AA90083E075 /* LanguageAndCityTableViewController.h in Headers */,
				F5513A1A15DA3AA90083E075 /* SocialViewController.h in Headers */,
				F5513A1B15DA3AA90083E075 /* MenuDataStruct.h in Headers */,
				F5513A1C15DA3AA90083E075 /* ProductDataStruct.h in Headers */,
				F5513A1D15DA3AA90083E075 /* RestaurantDataStruct.h in Headers */,
				F5513A1E15DA3AA90083E075 /* subViewSpam.h in Headers */,
				F5513A1F15DA3AA90083E075 /* CartCell.h in Headers */,
				F5513A2015DA3AA90083E075 /* ProductCell.h in Headers */,
				F5513A2115DA3AA90083E075 /* LanguageCell.h in Headers */,
				F5513A2215DA3AA90083E075 /* CityCell.h in Headers */,
				F5513A2315DA3AA90083E075 /* PickerViewCell.h in Headers */,
				F5513A2415DA3AA90083E075 /* RestaurantCell.h in Headers */,
				F5513A2515DA3AA90083E075 /* AddressCell.h in Headers */,
				F5513A2615DA3AA90083E075 /* TotalCartCell.h in Headers */,
				F5513A2715DA3AA90083E075 /* GettingCoreContent.h in Headers */,
				F5513A2815DA3AA90083E075 /* Offers.h in Headers */,
				F5513A2915DA3AA90083E075 /* XMLParse.h in Headers */,
				F5513A2A15DA3AA90083E075 /* checkConnection.h in Headers */,
				F5513A2B15DA3AA90083E075 /* RestaurantAppDelegate.h in Headers */,
				F53BFF6315EB7301000AB558 /* TimePicker.h in Headers */,
				4E5A34C71600BFA100725D93 /* PromotionStruct.h in Headers */,
			);
			runOnlyForDeploymentPostprocessing = 0;
		};
/* End PBXHeadersBuildPhase section */

/* Begin PBXNativeTarget section */
		781B8F021546DB870074EDBD /* Restaurant */ = {
			isa = PBXNativeTarget;
			buildConfigurationList = 781B8F241546DB870074EDBD /* Build configuration list for PBXNativeTarget "Restaurant" */;
			buildPhases = (
				781B8EFF1546DB870074EDBD /* Sources */,
				781B8F001546DB870074EDBD /* Frameworks */,
				781B8F011546DB870074EDBD /* Resources */,
				F5513A0815DA3A0E0083E075 /* Headers */,
			);
			buildRules = (
			);
			dependencies = (
				F570141015D90C7A005C0B41 /* PBXTargetDependency */,
				F570141215D90C7A005C0B41 /* PBXTargetDependency */,
				F570141415D90C7A005C0B41 /* PBXTargetDependency */,
			);
			name = Restaurant;
			productName = Restaurant;
			productReference = 781B8F031546DB870074EDBD /* Restaurant.app */;
			productType = "com.apple.product-type.application";
		};
/* End PBXNativeTarget section */

/* Begin PBXProject section */
		781B8EFA1546DB870074EDBD /* Project object */ = {
			isa = PBXProject;
			attributes = {
				CLASSPREFIX = Restaurant;
				LastUpgradeCheck = 0430;
			};
			buildConfigurationList = 781B8EFD1546DB870074EDBD /* Build configuration list for PBXProject "Restaurant" */;
			compatibilityVersion = "Xcode 3.2";
			developmentRegion = English;
			hasScannedForEncodings = 0;
			knownRegions = (
				en,
				de,
				es,
				fr,
				id,
				it,
				ja,
				ko,
				ms,
				nl,
				pt,
				pt_PT,
				ru,
				sv,
				zh_Hans,
				zh_Hant,
			);
			mainGroup = 781B8EF81546DB870074EDBD;
			productRefGroup = 781B8F041546DB870074EDBD /* Products */;
			projectDirPath = "";
			projectReferences = (
				{
					ProductGroup = F57013F715D90C5B005C0B41 /* Products */;
					ProjectRef = F57013F615D90C5B005C0B41 /* GMGridView.xcodeproj */;
				},
				{
					ProductGroup = F570140015D90C66005C0B41 /* Products */;
					ProjectRef = F57013FF15D90C66005C0B41 /* SSToolkit.xcodeproj */;
				},
			);
			projectRoot = "";
			targets = (
				781B8F021546DB870074EDBD /* Restaurant */,
			);
		};
/* End PBXProject section */

/* Begin PBXReferenceProxy section */
		F57013FE15D90C5B005C0B41 /* libGMGridView.a */ = {
			isa = PBXReferenceProxy;
			fileType = archive.ar;
			path = libGMGridView.a;
			remoteRef = F57013FD15D90C5B005C0B41 /* PBXContainerItemProxy */;
			sourceTree = BUILT_PRODUCTS_DIR;
		};
		F570140A15D90C67005C0B41 /* libSSToolkit.a */ = {
			isa = PBXReferenceProxy;
			fileType = archive.ar;
			path = libSSToolkit.a;
			remoteRef = F570140915D90C67005C0B41 /* PBXContainerItemProxy */;
			sourceTree = BUILT_PRODUCTS_DIR;
		};
		F570140C15D90C67005C0B41 /* SSToolkitTests.app */ = {
			isa = PBXReferenceProxy;
			fileType = wrapper.application;
			path = SSToolkitTests.app;
			remoteRef = F570140B15D90C67005C0B41 /* PBXContainerItemProxy */;
			sourceTree = BUILT_PRODUCTS_DIR;
		};
		F570140E15D90C67005C0B41 /* SSToolkitResources.bundle */ = {
			isa = PBXReferenceProxy;
			fileType = wrapper.cfbundle;
			path = SSToolkitResources.bundle;
			remoteRef = F570140D15D90C67005C0B41 /* PBXContainerItemProxy */;
			sourceTree = BUILT_PRODUCTS_DIR;
		};
/* End PBXReferenceProxy section */

/* Begin PBXResourcesBuildPhase section */
		781B8F011546DB870074EDBD /* Resources */ = {
			isa = PBXResourcesBuildPhase;
			buildActionMask = 2147483647;
			files = (
				781B8F121546DB870074EDBD /* InfoPlist.strings in Resources */,
				781B8F1B1546DB870074EDBD /* MainStoryboard_iPhone.storyboard in Resources */,
				78864DDC154957EE00D339B7 /* files.iphone.shop.category7.jpg in Resources */,
				78864DDF15495E0A00D339B7 /* files.iphone.shop.good1582.png in Resources */,
				78864DE41549804400D339B7 /* productCell.xib in Resources */,
				78FB4D06154BF20D0035236F /* CartCell.xib in Resources */,
				78EF80B31573A50100478EEB /* Placeholder.png in Resources */,
				78EF80B61573B3EA00478EEB /* PickerViewCell.xib in Resources */,
				78005A0F15778F240099F973 /* RestaurantCell.xib in Resources */,
				78005A11157793050099F973 /* icon_Metro.gif in Resources */,
				F599588115875CCF0000469F /* Settings1.png in Resources */,
				F5F2DD8A15879B8E00E3C6A2 /* Heart.png in Resources */,
				F52225CB1594A0A7003E2728 /* Button_orange_rev2.png in Resources */,
				F52225CD1594A1F8003E2728 /* Button_black_light_rev2.png in Resources */,
				F52225D31594BCA4003E2728 /* Button_black_dark_rev2.png in Resources */,
				F52A6A201594BF8D00C96F2C /* back.png in Resources */,
				F53D73FA1594CDE600A420D1 /* Button_blue_rev2.png in Resources */,
				F53D73FC1594CE7800A420D1 /* Button_green_rev2.png in Resources */,
				F53D73FE1594DC3900A420D1 /* restaurants.png in Resources */,
				F53D74001594DDC400A420D1 /* 1.jpg in Resources */,
				F53D74081594E30500A420D1 /* picture.png in Resources */,
				F5056DDB15A33F94000C14D1 /* close_x.png in Resources */,
				F51B206215AB2EE600074DA1 /* white-cart_big.png in Resources */,
				F5F2D69D15ADBB8F00C5094B /* AddressCell.xib in Resources */,
				F507E86215BED33D00B1A772 /* TotalCartCell.xib in Resources */,
				F5B4609615C2B78F00A6815C /* Cart1.PNG in Resources */,
				F5B4609A15C2BF7900A6815C /* shopping-cart.png in Resources */,
				F5B4609C15C2D4A500A6815C /* metro.png in Resources */,
				F591ECDE15CEEE11006BD0E6 /* MyLoc.png in Resources */,
				F5B70D9915D178E200695FAA /* subViewSpam.xib in Resources */,
				F5E0D80515D953DA004BA70B /* icons.png in Resources */,
				F5E0D80715D953FF004BA70B /* icons57.png in Resources */,
				F514734C15E3A40D003E836B /* stop.png in Resources */,
				F51A455D15E3DDC600FD0BB9 /* alphanumeric-plus-sign.png in Resources */,
				F51635AA15E61CBA00F76ECE /* MainStoryboard_iPad.storyboard in Resources */,
				F53BFF6015EB7287000AB558 /* TimePicker.xib in Resources */,
				F50DF0EB15ED10C8005665DB /* label.jpg in Resources */,
				F592B3F115ECDAA900F977C9 /* Line2p.png in Resources */,
				F592B3F215ECDAA900F977C9 /* Line1p.png in Resources */,
				F5F254EF15EE1C0E00BC48AB /* 2.jpg in Resources */,
				F541FCD815EF535C003B13AE /* back_.png in Resources */,
				F541FCDC15EF5982003B13AE /* Button2.png in Resources */,
				F541FCDE15EF6987003B13AE /* button3.png in Resources */,
				F56DCB2A15F4F8F0003CC0DD /* HIT1.png in Resources */,
				4E3F3D8715F76ADD00E9E08A /* FacebookSDKResources.bundle in Resources */,
				4E3F3D8915F76BF800E9E08A /* New1.png in Resources */,
				4E3F3D8B15F76C2700E9E08A /* dropButton.png in Resources */,
			);
			runOnlyForDeploymentPostprocessing = 0;
		};
/* End PBXResourcesBuildPhase section */

/* Begin PBXSourcesBuildPhase section */
		781B8EFF1546DB870074EDBD /* Sources */ = {
			isa = PBXSourcesBuildPhase;
			buildActionMask = 2147483647;
			files = (
				781B8F141546DB870074EDBD /* main.m in Sources */,
				781B8F181546DB870074EDBD /* RestaurantAppDelegate.m in Sources */,
				781B8F291546DBDD0074EDBD /* LoadAppViewController.m in Sources */,
				781B8F2C1546DD590074EDBD /* MainMenuViewController.m in Sources */,
				786B29991546E85900486848 /* MenuListTableViewController.m in Sources */,
				786B299C1546EA7400486848 /* XMLParse.m in Sources */,
				786B29A51546EC3F00486848 /* ProductDetailViewController.m in Sources */,
				78864DE215497E7700D339B7 /* ProductCell.m in Sources */,
				78FB4D03154BF1CE0035236F /* CartCell.m in Sources */,
				78354F7A15590E07001890F1 /* Offers.m in Sources */,
				78354F7D155944F1001890F1 /* SettingsTableViewController.m in Sources */,
				78D3CF1B156A9241003202BD /* GettingCoreContent.m in Sources */,
				78D3CF1E156A9248003202BD /* Restaurants.xcdatamodeld in Sources */,
				F507215A156BA2C200D7ACC6 /* checkConnection.m in Sources */,
				F5072169156BD46900D7ACC6 /* LanguageCell.m in Sources */,
				F507216C156BE0D200D7ACC6 /* LanguageAndCityTableViewController.m in Sources */,
				F5E93A4B156CFC6B005ED3ED /* CityCell.m in Sources */,
				78BA0E1E156E6A5E005C08D7 /* MenuDataStruct.m in Sources */,
				78BA0E25156E934B005C08D7 /* ProductDataStruct.m in Sources */,
				78EF80AF157381DD00478EEB /* IconDownloader.m in Sources */,
				78D7DB7A1573B74300D4F6A2 /* PickerViewCell.m in Sources */,
				78005A0715778C8A0099F973 /* RestaurantViewController.m in Sources */,
				78005A0A15778CCC0099F973 /* RestaurantDataStruct.m in Sources */,
				78005A0D15778F0E0099F973 /* RestaurantCell.m in Sources */,
				7851AC89157E45F10027BDDF /* RestaurantDetailViewController.m in Sources */,
				7851AC8C157E52020027BDDF /* MapViewController.m in Sources */,
				F5FA62481580D39700FBF70A /* FavoritesTableViewController.m in Sources */,
				F5F0215A1588C017009EB482 /* DeliveryViewController.m in Sources */,
				F53AF1701598876100EAA5AA /* MenuIconViewController.m in Sources */,
				F5EBBBF115A70F6000C07969 /* SocialViewController.m in Sources */,
				F5F2D69815AD7DBB00C5094B /* AddressListTableViewController.m in Sources */,
				F5F2D69B15ADB91500C5094B /* AddressCell.m in Sources */,
				F515440D15B03CCB00A2CB88 /* FavoritesIconViewController.m in Sources */,
				F507E85E15BED2E000B1A772 /* TotalCartCell.m in Sources */,
				F58E734F15D1358800CBCE65 /* MapViewAnnotation.m in Sources */,
				F5B70D9815D178E200695FAA /* subViewSpam.m in Sources */,
				F58EC35615DB8A4E00ADBA80 /* ReservationViewController.m in Sources */,
				F53BFF6415EB7301000AB558 /* TimePicker.m in Sources */,
				4E5A34C81600BFA100725D93 /* PromotionStruct.m in Sources */,
			);
			runOnlyForDeploymentPostprocessing = 0;
		};
/* End PBXSourcesBuildPhase section */

/* Begin PBXTargetDependency section */
		F570141015D90C7A005C0B41 /* PBXTargetDependency */ = {
			isa = PBXTargetDependency;
			name = SSToolkit;
			targetProxy = F570140F15D90C7A005C0B41 /* PBXContainerItemProxy */;
		};
		F570141215D90C7A005C0B41 /* PBXTargetDependency */ = {
			isa = PBXTargetDependency;
			name = SSToolkitResources;
			targetProxy = F570141115D90C7A005C0B41 /* PBXContainerItemProxy */;
		};
		F570141415D90C7A005C0B41 /* PBXTargetDependency */ = {
			isa = PBXTargetDependency;
			name = GMGridView;
			targetProxy = F570141315D90C7A005C0B41 /* PBXContainerItemProxy */;
		};
/* End PBXTargetDependency section */

/* Begin PBXVariantGroup section */
		781B8F101546DB870074EDBD /* InfoPlist.strings */ = {
			isa = PBXVariantGroup;
			children = (
				781B8F111546DB870074EDBD /* en */,
			);
			name = InfoPlist.strings;
			sourceTree = "<group>";
		};
		781B8F191546DB870074EDBD /* MainStoryboard_iPhone.storyboard */ = {
			isa = PBXVariantGroup;
			children = (
				781B8F1A1546DB870074EDBD /* en */,
			);
			name = MainStoryboard_iPhone.storyboard;
			sourceTree = "<group>";
		};
		F51635AC15E61CBA00F76ECE /* MainStoryboard_iPad.storyboard */ = {
			isa = PBXVariantGroup;
			children = (
				F51635AB15E61CBA00F76ECE /* en */,
			);
			name = MainStoryboard_iPad.storyboard;
			sourceTree = "<group>";
		};
/* End PBXVariantGroup section */

/* Begin XCBuildConfiguration section */
		781B8F221546DB870074EDBD /* Debug */ = {
			isa = XCBuildConfiguration;
			buildSettings = {
				ALWAYS_SEARCH_USER_PATHS = YES;
				APPLY_RULES_IN_COPY_FILES = YES;
				ARCHS = "$(ARCHS_STANDARD_32_BIT)";
				CLANG_ENABLE_OBJC_ARC = YES;
				"CODE_SIGN_IDENTITY[sdk=iphoneos*]" = "iPhone Developer";
				COPY_PHASE_STRIP = YES;
				GCC_C_LANGUAGE_STANDARD = gnu99;
				GCC_DYNAMIC_NO_PIC = NO;
				GCC_OPTIMIZATION_LEVEL = 0;
				GCC_PREPROCESSOR_DEFINITIONS = (
					"DEBUG=1",
					"$(inherited)",
				);
				GCC_SYMBOLS_PRIVATE_EXTERN = NO;
				GCC_VERSION = com.apple.compilers.llvm.clang.1_0;
				GCC_WARN_ABOUT_RETURN_TYPE = YES;
				GCC_WARN_UNINITIALIZED_AUTOS = YES;
				GCC_WARN_UNUSED_VARIABLE = YES;
				HEADER_SEARCH_PATHS = (
					"~/Library/Vendor/SSToolkit",
					"~/Library/GMGridView",
				);
				IPHONEOS_DEPLOYMENT_TARGET = 5.0;
				ONLY_ACTIVE_ARCH = YES;
				SDKROOT = iphoneos;
				TARGETED_DEVICE_FAMILY = 1;
				USER_HEADER_SEARCH_PATHS = "~/Library/Vendor/SSToolkit ~/Library/GMGridView";
			};
			name = Debug;
		};
		781B8F231546DB870074EDBD /* Release */ = {
			isa = XCBuildConfiguration;
			buildSettings = {
				ALWAYS_SEARCH_USER_PATHS = YES;
				APPLY_RULES_IN_COPY_FILES = YES;
				ARCHS = "$(ARCHS_STANDARD_32_BIT)";
				CLANG_ENABLE_OBJC_ARC = YES;
				"CODE_SIGN_IDENTITY[sdk=iphoneos*]" = "iPhone Distribution";
				COPY_PHASE_STRIP = YES;
				GCC_C_LANGUAGE_STANDARD = gnu99;
				GCC_VERSION = com.apple.compilers.llvm.clang.1_0;
				GCC_WARN_ABOUT_RETURN_TYPE = YES;
				GCC_WARN_UNINITIALIZED_AUTOS = YES;
				GCC_WARN_UNUSED_VARIABLE = YES;
				HEADER_SEARCH_PATHS = (
					"~/Library/Vendor/SSToolkit",
					"~/Library/GMGridView",
				);
				IPHONEOS_DEPLOYMENT_TARGET = 5.0;
				ONLY_ACTIVE_ARCH = YES;
				OTHER_CFLAGS = "-DNS_BLOCK_ASSERTIONS=1";
				"PROVISIONING_PROFILE[sdk=iphoneos*]" = "";
				SDKROOT = iphoneos;
				TARGETED_DEVICE_FAMILY = 1;
				USER_HEADER_SEARCH_PATHS = "~/Library/Vendor/SSToolkit ~/Library/GMGridView";
				VALIDATE_PRODUCT = YES;
			};
			name = Release;
		};
		781B8F251546DB870074EDBD /* Debug */ = {
			isa = XCBuildConfiguration;
			buildSettings = {
				CODE_SIGN_IDENTITY = "iPhone Developer";
				"CODE_SIGN_IDENTITY[sdk=iphoneos*]" = "iPhone Developer: Oguz Demir (5C3QGJ6V4B)";
				FRAMEWORK_SEARCH_PATHS = (
					"$(inherited)",
					"\"$(SRCROOT)\"",
					"\"$(SRCROOT)/../FacebookSDK\"",
					"\"$(SRCROOT)/../../Documents/FacebookSDK\"",
				);
				GCC_PRECOMPILE_PREFIX_HEADER = YES;
				GCC_PREFIX_HEADER = "Restaurant/Restaurant-Prefix.pch";
				HEADER_SEARCH_PATHS = (
					"~/Vendor/SSToolkit",
					"~/GMGridView",
				);
				INFOPLIST_FILE = "Restaurant/Restaurant-Info.plist";
				LIBRARY_SEARCH_PATHS = (
					"$(inherited)",
					"\"$(SRCROOT)/../FacebookSDK/FacebookSDK.framework/Versions/A\"",
				);
				OTHER_LDFLAGS = (
					"-all_load",
					"-ObjC",
				);
				PRODUCT_NAME = "$(TARGET_NAME)";
				PROVISIONING_PROFILE = "";
				"PROVISIONING_PROFILE[sdk=iphoneos*]" = "";
				USER_HEADER_SEARCH_PATHS = "~/Vendor/SSToolkit ~/GMGridView";
				WRAPPER_EXTENSION = app;
			};
			name = Debug;
		};
		781B8F261546DB870074EDBD /* Release */ = {
			isa = XCBuildConfiguration;
			buildSettings = {
				CODE_SIGN_IDENTITY = "iPhone Developer";
				"CODE_SIGN_IDENTITY[sdk=iphoneos*]" = "iPhone Developer: Oguz Demir (5C3QGJ6V4B)";
				FRAMEWORK_SEARCH_PATHS = (
					"$(inherited)",
					"\"$(SRCROOT)\"",
					"\"$(SRCROOT)/../FacebookSDK\"",
					"\"$(SRCROOT)/../../Documents/FacebookSDK\"",
				);
				GCC_PRECOMPILE_PREFIX_HEADER = YES;
				GCC_PREFIX_HEADER = "Restaurant/Restaurant-Prefix.pch";
				HEADER_SEARCH_PATHS = (
					"~/Vendor/SSToolkit",
					"~/GMGridView",
				);
				INFOPLIST_FILE = "Restaurant/Restaurant-Info.plist";
				LIBRARY_SEARCH_PATHS = (
					"$(inherited)",
					"\"$(SRCROOT)/../FacebookSDK/FacebookSDK.framework/Versions/A\"",
				);
				OTHER_LDFLAGS = (
					"-all_load",
					"-ObjC",
				);
				PRODUCT_NAME = "$(TARGET_NAME)";
				PROVISIONING_PROFILE = "54350DFC-9C0D-4C38-84ED-A3911A1D1A7B";
				"PROVISIONING_PROFILE[sdk=iphoneos*]" = "";
				USER_HEADER_SEARCH_PATHS = "~/Vendor/SSToolkit ~/GMGridView";
				WRAPPER_EXTENSION = app;
			};
			name = Release;
		};
/* End XCBuildConfiguration section */

/* Begin XCConfigurationList section */
		781B8EFD1546DB870074EDBD /* Build configuration list for PBXProject "Restaurant" */ = {
			isa = XCConfigurationList;
			buildConfigurations = (
				781B8F221546DB870074EDBD /* Debug */,
				781B8F231546DB870074EDBD /* Release */,
			);
			defaultConfigurationIsVisible = 0;
			defaultConfigurationName = Release;
		};
		781B8F241546DB870074EDBD /* Build configuration list for PBXNativeTarget "Restaurant" */ = {
			isa = XCConfigurationList;
			buildConfigurations = (
				781B8F251546DB870074EDBD /* Debug */,
				781B8F261546DB870074EDBD /* Release */,
			);
			defaultConfigurationIsVisible = 0;
			defaultConfigurationName = Release;
		};
/* End XCConfigurationList section */

/* Begin XCVersionGroup section */
		78D3CF1C156A9248003202BD /* Restaurants.xcdatamodeld */ = {
			isa = XCVersionGroup;
			children = (
				78D3CF1D156A9248003202BD /* Restaurants.xcdatamodel */,
			);
			currentVersion = 78D3CF1D156A9248003202BD /* Restaurants.xcdatamodel */;
			path = Restaurants.xcdatamodeld;
			sourceTree = "<group>";
			versionGroupType = wrapper.xcdatamodel;
		};
/* End XCVersionGroup section */
	};
	rootObject = 781B8EFA1546DB870074EDBD /* Project object */;
}
